<?xml version="1.0" encoding="utf-8"?>
<Project ToolsVersion="4.0" xmlns="http://schemas.microsoft.com/developer/msbuild/2003">
  <ItemGroup>
    <Filter Include="Source Files">
      <UniqueIdentifier>{4FC737F1-C7A5-4376-A066-2A32D752A2FF}</UniqueIdentifier>
      <Extensions>cpp;c;cc;cxx;def;odl;idl;hpj;bat;asm;asmx</Extensions>
    </Filter>
    <Filter Include="Header Files">
      <UniqueIdentifier>{93995380-89BD-4b04-88EB-625FBE52EBFB}</UniqueIdentifier>
      <Extensions>h;hpp;hxx;hm;inl;inc;xsd</Extensions>
    </Filter>
    <Filter Include="Resource Files">
      <UniqueIdentifier>{67DA6AB6-F800-4c08-8B7A-83BB121AAD01}</UniqueIdentifier>
      <Extensions>rc;ico;cur;bmp;dlg;rc2;rct;bin;rgs;gif;jpg;jpeg;jpe;resx;tiff;tif;png;wav;mfcribbon-ms</Extensions>
    </Filter>
    <Filter Include="Source Files\ffmpeg">
      <UniqueIdentifier>{cac6df1e-4a60-495c-8daa-5707dc1216ff}</UniqueIdentifier>
    </Filter>
    <Filter Include="Source Files\fftools">
      <UniqueIdentifier>{9fee14b2-1b77-463a-bd6b-60efdcf8850f}</UniqueIdentifier>
    </Filter>
  </ItemGroup>
  <ItemGroup>
    <ClCompile Include="..\fftools\ffmpeg_opt.c">
      <Filter>Source Files\fftools</Filter>
    </ClCompile>
    <ClCompile Include="..\fftools\ffmpeg_filter.c">
      <Filter>Source Files\fftools</Filter>
    </ClCompile>
    <ClCompile Include="..\fftools\ffmpeg_hw.c">
      <Filter>Source Files\fftools</Filter>
    </ClCompile>
    <ClCompile Include="..\fftools\ffmpeg_cuvid.c">
      <Filter>Source Files\fftools</Filter>
    </ClCompile>
    <ClCompile Include="..\fftools\ffmpeg_qsv.c">
      <Filter>Source Files\fftools</Filter>
    </ClCompile>
    <ClCompile Include="..\fftools\cmdutils.c">
      <Filter>Source Files\fftools</Filter>
    </ClCompile>
    <ClCompile Include="..\fftools\ffmpeg.c">
      <Filter>Source Files\fftools</Filter>
    </ClCompile>
    <ClCompile Include="ffmpeg\dce_defs.c">
      <Filter>Source Files\ffmpeg</Filter>
    </ClCompile>
  </ItemGroup>
</Project>