
Microsoft Visual Studio Solution File, Format Version 12.00

Project("{8BC9CEB8-8B4A-11D0-8D11-00A0C91BC942}") = "libavcodec", "libavcodec.vcxproj", "{B4824EFF-C340-425D-A4A8-E2E02A71A7AE}"
	ProjectSection(ProjectDependencies) = postProject
		{CE6C44DD-6E38-4293-8AB3-04EE28CCA972} = {CE6C44DD-6E38-4293-8AB3-04EE28CCA972}
		{3CE4A9EF-98B6-4454-B76E-3AD9C03A2114} = {3CE4A9EF-98B6-4454-B76E-3AD9C03A2114}
	EndProjectSection
EndProject
Project("{8BC9CEB8-8B4A-11D0-8D11-00A0C91BC942}") = "libavdevice", "libavdevice.vcxproj", "{6E165FA4-44EB-4330-8394-9F0D76D8E03E}"
	ProjectSection(ProjectDependencies) = postProject
		{30A96E9B-8061-4F19-BD71-FDE7EA8F7929} = {30A96E9B-8061-4F19-BD71-FDE7EA8F7929}
		{B4824EFF-C340-425D-A4A8-E2E02A71A7AE} = {B4824EFF-C340-425D-A4A8-E2E02A71A7AE}
		{CE6C44DD-6E38-4293-8AB3-04EE28CCA972} = {CE6C44DD-6E38-4293-8AB3-04EE28CCA972}
		{BC2E1028-66CD-41A0-AF90-EEBD8CC52787} = {BC2E1028-66CD-41A0-AF90-EEBD8CC52787}
	EndProjectSection
EndProject
Project("{8BC9CEB8-8B4A-11D0-8D11-00A0C91BC942}") = "libavfilter", "libavfilter.vcxproj", "{BC2E1028-66CD-41A0-AF90-EEBD8CC52787}"
	ProjectSection(ProjectDependencies) = postProject
		{CE6C44DD-6E38-4293-8AB3-04EE28CCA972} = {CE6C44DD-6E38-4293-8AB3-04EE28CCA972}
		{30A96E9B-8061-4F19-BD71-FDE7EA8F7929} = {30A96E9B-8061-4F19-BD71-FDE7EA8F7929}
		{B4824EFF-C340-425D-A4A8-E2E02A71A7AE} = {B4824EFF-C340-425D-A4A8-E2E02A71A7AE}
		{3CE4A9EF-98B6-4454-B76E-3AD9C03A2114} = {3CE4A9EF-98B6-4454-B76E-3AD9C03A2114}
		{4D9C457D-9ADA-4A12-9D06-42D80124C5AB} = {4D9C457D-9ADA-4A12-9D06-42D80124C5AB}
		{6D8A6330-8EBE-49FD-9281-0A396F9F28F2} = {6D8A6330-8EBE-49FD-9281-0A396F9F28F2}
	EndProjectSection
EndProject
Project("{8BC9CEB8-8B4A-11D0-8D11-00A0C91BC942}") = "libavformat", "libavformat.vcxproj", "{30A96E9B-8061-4F19-BD71-FDE7EA8F7929}"
	ProjectSection(ProjectDependencies) = postProject
		{B4824EFF-C340-425D-A4A8-E2E02A71A7AE} = {B4824EFF-C340-425D-A4A8-E2E02A71A7AE}
		{CE6C44DD-6E38-4293-8AB3-04EE28CCA972} = {CE6C44DD-6E38-4293-8AB3-04EE28CCA972}
	EndProjectSection
EndProject
Project("{8BC9CEB8-8B4A-11D0-8D11-00A0C91BC942}") = "libavutil", "libavutil.vcxproj", "{CE6C44DD-6E38-4293-8AB3-04EE28CCA972}"
EndProject
Project("{8BC9CEB8-8B4A-11D0-8D11-00A0C91BC942}") = "libpostproc", "libpostproc.vcxproj", "{4D9C457D-9ADA-4A12-9D06-42D80124C5AB}"
	ProjectSection(ProjectDependencies) = postProject
		{CE6C44DD-6E38-4293-8AB3-04EE28CCA972} = {CE6C44DD-6E38-4293-8AB3-04EE28CCA972}
	EndProjectSection
EndProject
Project("{8BC9CEB8-8B4A-11D0-8D11-00A0C91BC942}") = "libswresample", "libswresample.vcxproj", "{3CE4A9EF-98B6-4454-B76E-3AD9C03A2114}"
	ProjectSection(ProjectDependencies) = postProject
		{CE6C44DD-6E38-4293-8AB3-04EE28CCA972} = {CE6C44DD-6E38-4293-8AB3-04EE28CCA972}
	EndProjectSection
EndProject
Project("{8BC9CEB8-8B4A-11D0-8D11-00A0C91BC942}") = "libswscale", "libswscale.vcxproj", "{6D8A6330-8EBE-49FD-9281-0A396F9F28F2}"
	ProjectSection(ProjectDependencies) = postProject
		{CE6C44DD-6E38-4293-8AB3-04EE28CCA972} = {CE6C44DD-6E38-4293-8AB3-04EE28CCA972}
	EndProjectSection
EndProject
Project("{8BC9CEB8-8B4A-11D0-8D11-00A0C91BC942}") = "ffmpeg", "ffmpeg.vcxproj", "{4081C77E-F1F7-49FA-9BD8-A4D267C83716}"
	ProjectSection(ProjectDependencies) = postProject
		{B4824EFF-C340-425D-A4A8-E2E02A71A7AE} = {B4824EFF-C340-425D-A4A8-E2E02A71A7AE}
		{6E165FA4-44EB-4330-8394-9F0D76D8E03E} = {6E165FA4-44EB-4330-8394-9F0D76D8E03E}
		{BC2E1028-66CD-41A0-AF90-EEBD8CC52787} = {BC2E1028-66CD-41A0-AF90-EEBD8CC52787}
		{30A96E9B-8061-4F19-BD71-FDE7EA8F7929} = {30A96E9B-8061-4F19-BD71-FDE7EA8F7929}
		{CE6C44DD-6E38-4293-8AB3-04EE28CCA972} = {CE6C44DD-6E38-4293-8AB3-04EE28CCA972}
		{4D9C457D-9ADA-4A12-9D06-42D80124C5AB} = {4D9C457D-9ADA-4A12-9D06-42D80124C5AB}
		{3CE4A9EF-98B6-4454-B76E-3AD9C03A2114} = {3CE4A9EF-98B6-4454-B76E-3AD9C03A2114}
		{6D8A6330-8EBE-49FD-9281-0A396F9F28F2} = {6D8A6330-8EBE-49FD-9281-0A396F9F28F2}
	EndProjectSection
EndProject
Project("{8BC9CEB8-8B4A-11D0-8D11-00A0C91BC942}") = "ffplay", "ffplay.vcxproj", "{E2A6865D-BD68-45B4-8130-EFD620F2C7EB}"
	ProjectSection(ProjectDependencies) = postProject
		{B4824EFF-C340-425D-A4A8-E2E02A71A7AE} = {B4824EFF-C340-425D-A4A8-E2E02A71A7AE}
		{6E165FA4-44EB-4330-8394-9F0D76D8E03E} = {6E165FA4-44EB-4330-8394-9F0D76D8E03E}
		{BC2E1028-66CD-41A0-AF90-EEBD8CC52787} = {BC2E1028-66CD-41A0-AF90-EEBD8CC52787}
		{30A96E9B-8061-4F19-BD71-FDE7EA8F7929} = {30A96E9B-8061-4F19-BD71-FDE7EA8F7929}
		{CE6C44DD-6E38-4293-8AB3-04EE28CCA972} = {CE6C44DD-6E38-4293-8AB3-04EE28CCA972}
		{4D9C457D-9ADA-4A12-9D06-42D80124C5AB} = {4D9C457D-9ADA-4A12-9D06-42D80124C5AB}
		{3CE4A9EF-98B6-4454-B76E-3AD9C03A2114} = {3CE4A9EF-98B6-4454-B76E-3AD9C03A2114}
		{6D8A6330-8EBE-49FD-9281-0A396F9F28F2} = {6D8A6330-8EBE-49FD-9281-0A396F9F28F2}
	EndProjectSection
EndProject
Project("{8BC9CEB8-8B4A-11D0-8D11-00A0C91BC942}") = "ffprobe", "ffprobe.vcxproj", "{147A422A-FA63-4724-A5D9-08B1CAFDAB59}"
	ProjectSection(ProjectDependencies) = postProject
		{B4824EFF-C340-425D-A4A8-E2E02A71A7AE} = {B4824EFF-C340-425D-A4A8-E2E02A71A7AE}
		{6E165FA4-44EB-4330-8394-9F0D76D8E03E} = {6E165FA4-44EB-4330-8394-9F0D76D8E03E}
		{BC2E1028-66CD-41A0-AF90-EEBD8CC52787} = {BC2E1028-66CD-41A0-AF90-EEBD8CC52787}
		{30A96E9B-8061-4F19-BD71-FDE7EA8F7929} = {30A96E9B-8061-4F19-BD71-FDE7EA8F7929}
		{CE6C44DD-6E38-4293-8AB3-04EE28CCA972} = {CE6C44DD-6E38-4293-8AB3-04EE28CCA972}
		{4D9C457D-9ADA-4A12-9D06-42D80124C5AB} = {4D9C457D-9ADA-4A12-9D06-42D80124C5AB}
		{3CE4A9EF-98B6-4454-B76E-3AD9C03A2114} = {3CE4A9EF-98B6-4454-B76E-3AD9C03A2114}
		{6D8A6330-8EBE-49FD-9281-0A396F9F28F2} = {6D8A6330-8EBE-49FD-9281-0A396F9F28F2}
	EndProjectSection
EndProject
Project("{2150E333-8FDC-42A3-9474-1A3956D46DE8}") = "Programs", "Programs", "{8A736DDA-6840-4E65-9DA4-BF65A2A70428}"
EndProject
Project("{2150E333-8FDC-42A3-9474-1A3956D46DE8}") = "pre-build (optional)", "pre-build (optional)", "{9065B509-5108-45E4-AAF2-B5FD4EF9D9DF}"
EndProject
Project("{8BC9CEB8-8B4A-11D0-8D11-00A0C91BC942}") = "project_generate", "project_generate\project_generate.vcxproj", "{FA1D2C31-D809-4021-9DE4-7552704175EE}"
EndProject
Project("{2150E333-8FDC-42A3-9474-1A3956D46DE8}") = "Solution Items", "Solution Items", "{33ACD422-DFB7-46FF-8734-7031CCFF9247}"
	ProjectSection(SolutionItems) = preProject
		readme.txt = readme.txt
	EndProjectSection
EndProject
Global
	GlobalSection(SolutionConfigurationPlatforms) = preSolution
		Debug|Win32 = Debug|Win32
		Debug|x64 = Debug|x64
		DebugDLL|Win32 = DebugDLL|Win32
		DebugDLL|x64 = DebugDLL|x64
		DebugDLLStaticDeps|Win32 = DebugDLLStaticDeps|Win32
		DebugDLLStaticDeps|x64 = DebugDLLStaticDeps|x64
		Release|Win32 = Release|Win32
		Release|x64 = Release|x64
		ReleaseDLL|Win32 = ReleaseDLL|Win32
		ReleaseDLL|x64 = ReleaseDLL|x64
		ReleaseDLLStaticDeps|Win32 = ReleaseDLLStaticDeps|Win32
		ReleaseDLLStaticDeps|x64 = ReleaseDLLStaticDeps|x64
		ReleaseLTO|Win32 = ReleaseLTO|Win32
		ReleaseLTO|x64 = ReleaseLTO|x64
	EndGlobalSection
	GlobalSection(ProjectConfigurationPlatforms) = postSolution
		{B4824EFF-C340-425D-A4A8-E2E02A71A7AE}.Debug|Win32.ActiveCfg = Debug|Win32
		{B4824EFF-C340-425D-A4A8-E2E02A71A7AE}.Debug|Win32.Build.0 = Debug|Win32
		{B4824EFF-C340-425D-A4A8-E2E02A71A7AE}.Debug|x64.ActiveCfg = Debug|x64
		{B4824EFF-C340-425D-A4A8-E2E02A71A7AE}.Debug|x64.Build.0 = Debug|x64
		{B4824EFF-C340-425D-A4A8-E2E02A71A7AE}.DebugDLL|Win32.ActiveCfg = DebugDLL|Win32
		{B4824EFF-C340-425D-A4A8-E2E02A71A7AE}.DebugDLL|Win32.Build.0 = DebugDLL|Win32
		{B4824EFF-C340-425D-A4A8-E2E02A71A7AE}.DebugDLL|x64.ActiveCfg = DebugDLL|x64
		{B4824EFF-C340-425D-A4A8-E2E02A71A7AE}.DebugDLL|x64.Build.0 = DebugDLL|x64
		{B4824EFF-C340-425D-A4A8-E2E02A71A7AE}.DebugDLLStaticDeps|Win32.ActiveCfg = DebugDLLStaticDeps|Win32
		{B4824EFF-C340-425D-A4A8-E2E02A71A7AE}.DebugDLLStaticDeps|Win32.Build.0 = DebugDLLStaticDeps|Win32
		{B4824EFF-C340-425D-A4A8-E2E02A71A7AE}.DebugDLLStaticDeps|x64.ActiveCfg = DebugDLLStaticDeps|x64
		{B4824EFF-C340-425D-A4A8-E2E02A71A7AE}.DebugDLLStaticDeps|x64.Build.0 = DebugDLLStaticDeps|x64
		{B4824EFF-C340-425D-A4A8-E2E02A71A7AE}.Release|Win32.ActiveCfg = Release|Win32
		{B4824EFF-C340-425D-A4A8-E2E02A71A7AE}.Release|Win32.Build.0 = Release|Win32
		{B4824EFF-C340-425D-A4A8-E2E02A71A7AE}.Release|x64.ActiveCfg = Release|x64
		{B4824EFF-C340-425D-A4A8-E2E02A71A7AE}.Release|x64.Build.0 = Release|x64
		{B4824EFF-C340-425D-A4A8-E2E02A71A7AE}.ReleaseDLL|Win32.ActiveCfg = ReleaseDLL|Win32
		{B4824EFF-C340-425D-A4A8-E2E02A71A7AE}.ReleaseDLL|Win32.Build.0 = ReleaseDLL|Win32
		{B4824EFF-C340-425D-A4A8-E2E02A71A7AE}.ReleaseDLL|x64.ActiveCfg = ReleaseDLL|x64
		{B4824EFF-C340-425D-A4A8-E2E02A71A7AE}.ReleaseDLL|x64.Build.0 = ReleaseDLL|x64
		{B4824EFF-C340-425D-A4A8-E2E02A71A7AE}.ReleaseDLLStaticDeps|Win32.ActiveCfg = ReleaseDLLStaticDeps|Win32
		{B4824EFF-C340-425D-A4A8-E2E02A71A7AE}.ReleaseDLLStaticDeps|Win32.Build.0 = ReleaseDLLStaticDeps|Win32
		{B4824EFF-C340-425D-A4A8-E2E02A71A7AE}.ReleaseDLLStaticDeps|x64.ActiveCfg = ReleaseDLLStaticDeps|x64
		{B4824EFF-C340-425D-A4A8-E2E02A71A7AE}.ReleaseDLLStaticDeps|x64.Build.0 = ReleaseDLLStaticDeps|x64
		{B4824EFF-C340-425D-A4A8-E2E02A71A7AE}.ReleaseLTO|Win32.ActiveCfg = ReleaseLTO|Win32
		{B4824EFF-C340-425D-A4A8-E2E02A71A7AE}.ReleaseLTO|Win32.Build.0 = ReleaseLTO|Win32
		{B4824EFF-C340-425D-A4A8-E2E02A71A7AE}.ReleaseLTO|x64.ActiveCfg = ReleaseLTO|x64
		{B4824EFF-C340-425D-A4A8-E2E02A71A7AE}.ReleaseLTO|x64.Build.0 = ReleaseLTO|x64
		{6E165FA4-44EB-4330-8394-9F0D76D8E03E}.Debug|Win32.ActiveCfg = Debug|Win32
		{6E165FA4-44EB-4330-8394-9F0D76D8E03E}.Debug|Win32.Build.0 = Debug|Win32
		{6E165FA4-44EB-4330-8394-9F0D76D8E03E}.Debug|x64.ActiveCfg = Debug|x64
		{6E165FA4-44EB-4330-8394-9F0D76D8E03E}.Debug|x64.Build.0 = Debug|x64
		{6E165FA4-44EB-4330-8394-9F0D76D8E03E}.DebugDLL|Win32.ActiveCfg = DebugDLL|Win32
		{6E165FA4-44EB-4330-8394-9F0D76D8E03E}.DebugDLL|Win32.Build.0 = DebugDLL|Win32
		{6E165FA4-44EB-4330-8394-9F0D76D8E03E}.DebugDLL|x64.ActiveCfg = DebugDLL|x64
		{6E165FA4-44EB-4330-8394-9F0D76D8E03E}.DebugDLL|x64.Build.0 = DebugDLL|x64
		{6E165FA4-44EB-4330-8394-9F0D76D8E03E}.DebugDLLStaticDeps|Win32.ActiveCfg = DebugDLLStaticDeps|Win32
		{6E165FA4-44EB-4330-8394-9F0D76D8E03E}.DebugDLLStaticDeps|Win32.Build.0 = DebugDLLStaticDeps|Win32
		{6E165FA4-44EB-4330-8394-9F0D76D8E03E}.DebugDLLStaticDeps|x64.ActiveCfg = DebugDLLStaticDeps|x64
		{6E165FA4-44EB-4330-8394-9F0D76D8E03E}.DebugDLLStaticDeps|x64.Build.0 = DebugDLLStaticDeps|x64
		{6E165FA4-44EB-4330-8394-9F0D76D8E03E}.Release|Win32.ActiveCfg = Release|Win32
		{6E165FA4-44EB-4330-8394-9F0D76D8E03E}.Release|Win32.Build.0 = Release|Win32
		{6E165FA4-44EB-4330-8394-9F0D76D8E03E}.Release|x64.ActiveCfg = Release|x64
		{6E165FA4-44EB-4330-8394-9F0D76D8E03E}.Release|x64.Build.0 = Release|x64
		{6E165FA4-44EB-4330-8394-9F0D76D8E03E}.ReleaseDLL|Win32.ActiveCfg = ReleaseDLL|Win32
		{6E165FA4-44EB-4330-8394-9F0D76D8E03E}.ReleaseDLL|Win32.Build.0 = ReleaseDLL|Win32
		{6E165FA4-44EB-4330-8394-9F0D76D8E03E}.ReleaseDLL|x64.ActiveCfg = ReleaseDLL|x64
		{6E165FA4-44EB-4330-8394-9F0D76D8E03E}.ReleaseDLL|x64.Build.0 = ReleaseDLL|x64
		{6E165FA4-44EB-4330-8394-9F0D76D8E03E}.ReleaseDLLStaticDeps|Win32.ActiveCfg = ReleaseDLLStaticDeps|Win32
		{6E165FA4-44EB-4330-8394-9F0D76D8E03E}.ReleaseDLLStaticDeps|Win32.Build.0 = ReleaseDLLStaticDeps|Win32
		{6E165FA4-44EB-4330-8394-9F0D76D8E03E}.ReleaseDLLStaticDeps|x64.ActiveCfg = ReleaseDLLStaticDeps|x64
		{6E165FA4-44EB-4330-8394-9F0D76D8E03E}.ReleaseDLLStaticDeps|x64.Build.0 = ReleaseDLLStaticDeps|x64
		{6E165FA4-44EB-4330-8394-9F0D76D8E03E}.ReleaseLTO|Win32.ActiveCfg = ReleaseLTO|Win32
		{6E165FA4-44EB-4330-8394-9F0D76D8E03E}.ReleaseLTO|Win32.Build.0 = ReleaseLTO|Win32
		{6E165FA4-44EB-4330-8394-9F0D76D8E03E}.ReleaseLTO|x64.ActiveCfg = ReleaseLTO|x64
		{6E165FA4-44EB-4330-8394-9F0D76D8E03E}.ReleaseLTO|x64.Build.0 = ReleaseLTO|x64
		{BC2E1028-66CD-41A0-AF90-EEBD8CC52787}.Debug|Win32.ActiveCfg = Debug|Win32
		{BC2E1028-66CD-41A0-AF90-EEBD8CC52787}.Debug|Win32.Build.0 = Debug|Win32
		{BC2E1028-66CD-41A0-AF90-EEBD8CC52787}.Debug|x64.ActiveCfg = Debug|x64
		{BC2E1028-66CD-41A0-AF90-EEBD8CC52787}.Debug|x64.Build.0 = Debug|x64
		{BC2E1028-66CD-41A0-AF90-EEBD8CC52787}.DebugDLL|Win32.ActiveCfg = DebugDLL|Win32
		{BC2E1028-66CD-41A0-AF90-EEBD8CC52787}.DebugDLL|Win32.Build.0 = DebugDLL|Win32
		{BC2E1028-66CD-41A0-AF90-EEBD8CC52787}.DebugDLL|x64.ActiveCfg = DebugDLL|x64
		{BC2E1028-66CD-41A0-AF90-EEBD8CC52787}.DebugDLL|x64.Build.0 = DebugDLL|x64
		{BC2E1028-66CD-41A0-AF90-EEBD8CC52787}.DebugDLLStaticDeps|Win32.ActiveCfg = DebugDLLStaticDeps|Win32
		{BC2E1028-66CD-41A0-AF90-EEBD8CC52787}.DebugDLLStaticDeps|Win32.Build.0 = DebugDLLStaticDeps|Win32
		{BC2E1028-66CD-41A0-AF90-EEBD8CC52787}.DebugDLLStaticDeps|x64.ActiveCfg = DebugDLLStaticDeps|x64
		{BC2E1028-66CD-41A0-AF90-EEBD8CC52787}.DebugDLLStaticDeps|x64.Build.0 = DebugDLLStaticDeps|x64
		{BC2E1028-66CD-41A0-AF90-EEBD8CC52787}.Release|Win32.ActiveCfg = Release|Win32
		{BC2E1028-66CD-41A0-AF90-EEBD8CC52787}.Release|Win32.Build.0 = Release|Win32
		{BC2E1028-66CD-41A0-AF90-EEBD8CC52787}.Release|x64.ActiveCfg = Release|x64
		{BC2E1028-66CD-41A0-AF90-EEBD8CC52787}.Release|x64.Build.0 = Release|x64
		{BC2E1028-66CD-41A0-AF90-EEBD8CC52787}.ReleaseDLL|Win32.ActiveCfg = ReleaseDLL|Win32
		{BC2E1028-66CD-41A0-AF90-EEBD8CC52787}.ReleaseDLL|Win32.Build.0 = ReleaseDLL|Win32
		{BC2E1028-66CD-41A0-AF90-EEBD8CC52787}.ReleaseDLL|x64.ActiveCfg = ReleaseDLL|x64
		{BC2E1028-66CD-41A0-AF90-EEBD8CC52787}.ReleaseDLL|x64.Build.0 = ReleaseDLL|x64
		{BC2E1028-66CD-41A0-AF90-EEBD8CC52787}.ReleaseDLLStaticDeps|Win32.ActiveCfg = ReleaseDLLStaticDeps|Win32
		{BC2E1028-66CD-41A0-AF90-EEBD8CC52787}.ReleaseDLLStaticDeps|Win32.Build.0 = ReleaseDLLStaticDeps|Win32
		{BC2E1028-66CD-41A0-AF90-EEBD8CC52787}.ReleaseDLLStaticDeps|x64.ActiveCfg = ReleaseDLLStaticDeps|x64
		{BC2E1028-66CD-41A0-AF90-EEBD8CC52787}.ReleaseDLLStaticDeps|x64.Build.0 = ReleaseDLLStaticDeps|x64
		{BC2E1028-66CD-41A0-AF90-EEBD8CC52787}.ReleaseLTO|Win32.ActiveCfg = ReleaseLTO|Win32
		{BC2E1028-66CD-41A0-AF90-EEBD8CC52787}.ReleaseLTO|Win32.Build.0 = ReleaseLTO|Win32
		{BC2E1028-66CD-41A0-AF90-EEBD8CC52787}.ReleaseLTO|x64.ActiveCfg = ReleaseLTO|x64
		{BC2E1028-66CD-41A0-AF90-EEBD8CC52787}.ReleaseLTO|x64.Build.0 = ReleaseLTO|x64
		{30A96E9B-8061-4F19-BD71-FDE7EA8F7929}.Debug|Win32.ActiveCfg = Debug|Win32
		{30A96E9B-8061-4F19-BD71-FDE7EA8F7929}.Debug|Win32.Build.0 = Debug|Win32
		{30A96E9B-8061-4F19-BD71-FDE7EA8F7929}.Debug|x64.ActiveCfg = Debug|x64
		{30A96E9B-8061-4F19-BD71-FDE7EA8F7929}.Debug|x64.Build.0 = Debug|x64
		{30A96E9B-8061-4F19-BD71-FDE7EA8F7929}.DebugDLL|Win32.ActiveCfg = DebugDLL|Win32
		{30A96E9B-8061-4F19-BD71-FDE7EA8F7929}.DebugDLL|Win32.Build.0 = DebugDLL|Win32
		{30A96E9B-8061-4F19-BD71-FDE7EA8F7929}.DebugDLL|x64.ActiveCfg = DebugDLL|x64
		{30A96E9B-8061-4F19-BD71-FDE7EA8F7929}.DebugDLL|x64.Build.0 = DebugDLL|x64
		{30A96E9B-8061-4F19-BD71-FDE7EA8F7929}.DebugDLLStaticDeps|Win32.ActiveCfg = DebugDLLStaticDeps|Win32
		{30A96E9B-8061-4F19-BD71-FDE7EA8F7929}.DebugDLLStaticDeps|Win32.Build.0 = DebugDLLStaticDeps|Win32
		{30A96E9B-8061-4F19-BD71-FDE7EA8F7929}.DebugDLLStaticDeps|x64.ActiveCfg = DebugDLLStaticDeps|x64
		{30A96E9B-8061-4F19-BD71-FDE7EA8F7929}.DebugDLLStaticDeps|x64.Build.0 = DebugDLLStaticDeps|x64
		{30A96E9B-8061-4F19-BD71-FDE7EA8F7929}.Release|Win32.ActiveCfg = Release|Win32
		{30A96E9B-8061-4F19-BD71-FDE7EA8F7929}.Release|Win32.Build.0 = Release|Win32
		{30A96E9B-8061-4F19-BD71-FDE7EA8F7929}.Release|x64.ActiveCfg = Release|x64
		{30A96E9B-8061-4F19-BD71-FDE7EA8F7929}.Release|x64.Build.0 = Release|x64
		{30A96E9B-8061-4F19-BD71-FDE7EA8F7929}.ReleaseDLL|Win32.ActiveCfg = ReleaseDLL|Win32
		{30A96E9B-8061-4F19-BD71-FDE7EA8F7929}.ReleaseDLL|Win32.Build.0 = ReleaseDLL|Win32
		{30A96E9B-8061-4F19-BD71-FDE7EA8F7929}.ReleaseDLL|x64.ActiveCfg = ReleaseDLL|x64
		{30A96E9B-8061-4F19-BD71-FDE7EA8F7929}.ReleaseDLL|x64.Build.0 = ReleaseDLL|x64
		{30A96E9B-8061-4F19-BD71-FDE7EA8F7929}.ReleaseDLLStaticDeps|Win32.ActiveCfg = ReleaseDLLStaticDeps|Win32
		{30A96E9B-8061-4F19-BD71-FDE7EA8F7929}.ReleaseDLLStaticDeps|Win32.Build.0 = ReleaseDLLStaticDeps|Win32
		{30A96E9B-8061-4F19-BD71-FDE7EA8F7929}.ReleaseDLLStaticDeps|x64.ActiveCfg = ReleaseDLLStaticDeps|x64
		{30A96E9B-8061-4F19-BD71-FDE7EA8F7929}.ReleaseDLLStaticDeps|x64.Build.0 = ReleaseDLLStaticDeps|x64
		{30A96E9B-8061-4F19-BD71-FDE7EA8F7929}.ReleaseLTO|Win32.ActiveCfg = ReleaseLTO|Win32
		{30A96E9B-8061-4F19-BD71-FDE7EA8F7929}.ReleaseLTO|Win32.Build.0 = ReleaseLTO|Win32
		{30A96E9B-8061-4F19-BD71-FDE7EA8F7929}.ReleaseLTO|x64.ActiveCfg = ReleaseLTO|x64
		{30A96E9B-8061-4F19-BD71-FDE7EA8F7929}.ReleaseLTO|x64.Build.0 = ReleaseLTO|x64
		{CE6C44DD-6E38-4293-8AB3-04EE28CCA972}.Debug|Win32.ActiveCfg = Debug|Win32
		{CE6C44DD-6E38-4293-8AB3-04EE28CCA972}.Debug|Win32.Build.0 = Debug|Win32
		{CE6C44DD-6E38-4293-8AB3-04EE28CCA972}.Debug|x64.ActiveCfg = Debug|x64
		{CE6C44DD-6E38-4293-8AB3-04EE28CCA972}.Debug|x64.Build.0 = Debug|x64
		{CE6C44DD-6E38-4293-8AB3-04EE28CCA972}.DebugDLL|Win32.ActiveCfg = DebugDLL|Win32
		{CE6C44DD-6E38-4293-8AB3-04EE28CCA972}.DebugDLL|Win32.Build.0 = DebugDLL|Win32
		{CE6C44DD-6E38-4293-8AB3-04EE28CCA972}.DebugDLL|x64.ActiveCfg = DebugDLL|x64
		{CE6C44DD-6E38-4293-8AB3-04EE28CCA972}.DebugDLL|x64.Build.0 = DebugDLL|x64
		{CE6C44DD-6E38-4293-8AB3-04EE28CCA972}.DebugDLLStaticDeps|Win32.ActiveCfg = DebugDLLStaticDeps|Win32
		{CE6C44DD-6E38-4293-8AB3-04EE28CCA972}.DebugDLLStaticDeps|Win32.Build.0 = DebugDLLStaticDeps|Win32
		{CE6C44DD-6E38-4293-8AB3-04EE28CCA972}.DebugDLLStaticDeps|x64.ActiveCfg = DebugDLLStaticDeps|x64
		{CE6C44DD-6E38-4293-8AB3-04EE28CCA972}.DebugDLLStaticDeps|x64.Build.0 = DebugDLLStaticDeps|x64
		{CE6C44DD-6E38-4293-8AB3-04EE28CCA972}.Release|Win32.ActiveCfg = Release|Win32
		{CE6C44DD-6E38-4293-8AB3-04EE28CCA972}.Release|Win32.Build.0 = Release|Win32
		{CE6C44DD-6E38-4293-8AB3-04EE28CCA972}.Release|x64.ActiveCfg = Release|x64
		{CE6C44DD-6E38-4293-8AB3-04EE28CCA972}.Release|x64.Build.0 = Release|x64
		{CE6C44DD-6E38-4293-8AB3-04EE28CCA972}.ReleaseDLL|Win32.ActiveCfg = ReleaseDLL|Win32
		{CE6C44DD-6E38-4293-8AB3-04EE28CCA972}.ReleaseDLL|Win32.Build.0 = ReleaseDLL|Win32
		{CE6C44DD-6E38-4293-8AB3-04EE28CCA972}.ReleaseDLL|x64.ActiveCfg = ReleaseDLL|x64
		{CE6C44DD-6E38-4293-8AB3-04EE28CCA972}.ReleaseDLL|x64.Build.0 = ReleaseDLL|x64
		{CE6C44DD-6E38-4293-8AB3-04EE28CCA972}.ReleaseDLLStaticDeps|Win32.ActiveCfg = ReleaseDLLStaticDeps|Win32
		{CE6C44DD-6E38-4293-8AB3-04EE28CCA972}.ReleaseDLLStaticDeps|Win32.Build.0 = ReleaseDLLStaticDeps|Win32
		{CE6C44DD-6E38-4293-8AB3-04EE28CCA972}.ReleaseDLLStaticDeps|x64.ActiveCfg = ReleaseDLLStaticDeps|x64
		{CE6C44DD-6E38-4293-8AB3-04EE28CCA972}.ReleaseDLLStaticDeps|x64.Build.0 = ReleaseDLLStaticDeps|x64
		{CE6C44DD-6E38-4293-8AB3-04EE28CCA972}.ReleaseLTO|Win32.ActiveCfg = ReleaseLTO|Win32
		{CE6C44DD-6E38-4293-8AB3-04EE28CCA972}.ReleaseLTO|Win32.Build.0 = ReleaseLTO|Win32
		{CE6C44DD-6E38-4293-8AB3-04EE28CCA972}.ReleaseLTO|x64.ActiveCfg = ReleaseLTO|x64
		{CE6C44DD-6E38-4293-8AB3-04EE28CCA972}.ReleaseLTO|x64.Build.0 = ReleaseLTO|x64
		{4D9C457D-9ADA-4A12-9D06-42D80124C5AB}.Debug|Win32.ActiveCfg = Debug|Win32
		{4D9C457D-9ADA-4A12-9D06-42D80124C5AB}.Debug|Win32.Build.0 = Debug|Win32
		{4D9C457D-9ADA-4A12-9D06-42D80124C5AB}.Debug|x64.ActiveCfg = Debug|x64
		{4D9C457D-9ADA-4A12-9D06-42D80124C5AB}.Debug|x64.Build.0 = Debug|x64
		{4D9C457D-9ADA-4A12-9D06-42D80124C5AB}.DebugDLL|Win32.ActiveCfg = DebugDLL|Win32
		{4D9C457D-9ADA-4A12-9D06-42D80124C5AB}.DebugDLL|Win32.Build.0 = DebugDLL|Win32
		{4D9C457D-9ADA-4A12-9D06-42D80124C5AB}.DebugDLL|x64.ActiveCfg = DebugDLL|x64
		{4D9C457D-9ADA-4A12-9D06-42D80124C5AB}.DebugDLL|x64.Build.0 = DebugDLL|x64
		{4D9C457D-9ADA-4A12-9D06-42D80124C5AB}.DebugDLLStaticDeps|Win32.ActiveCfg = DebugDLLStaticDeps|Win32
		{4D9C457D-9ADA-4A12-9D06-42D80124C5AB}.DebugDLLStaticDeps|Win32.Build.0 = DebugDLLStaticDeps|Win32
		{4D9C457D-9ADA-4A12-9D06-42D80124C5AB}.DebugDLLStaticDeps|x64.ActiveCfg = DebugDLLStaticDeps|x64
		{4D9C457D-9ADA-4A12-9D06-42D80124C5AB}.DebugDLLStaticDeps|x64.Build.0 = DebugDLLStaticDeps|x64
		{4D9C457D-9ADA-4A12-9D06-42D80124C5AB}.Release|Win32.ActiveCfg = Release|Win32
		{4D9C457D-9ADA-4A12-9D06-42D80124C5AB}.Release|Win32.Build.0 = Release|Win32
		{4D9C457D-9ADA-4A12-9D06-42D80124C5AB}.Release|x64.ActiveCfg = Release|x64
		{4D9C457D-9ADA-4A12-9D06-42D80124C5AB}.Release|x64.Build.0 = Release|x64
		{4D9C457D-9ADA-4A12-9D06-42D80124C5AB}.ReleaseDLL|Win32.ActiveCfg = ReleaseDLL|Win32
		{4D9C457D-9ADA-4A12-9D06-42D80124C5AB}.ReleaseDLL|Win32.Build.0 = ReleaseDLL|Win32
		{4D9C457D-9ADA-4A12-9D06-42D80124C5AB}.ReleaseDLL|x64.ActiveCfg = ReleaseDLL|x64
		{4D9C457D-9ADA-4A12-9D06-42D80124C5AB}.ReleaseDLL|x64.Build.0 = ReleaseDLL|x64
		{4D9C457D-9ADA-4A12-9D06-42D80124C5AB}.ReleaseDLLStaticDeps|Win32.ActiveCfg = ReleaseDLLStaticDeps|Win32
		{4D9C457D-9ADA-4A12-9D06-42D80124C5AB}.ReleaseDLLStaticDeps|Win32.Build.0 = ReleaseDLLStaticDeps|Win32
		{4D9C457D-9ADA-4A12-9D06-42D80124C5AB}.ReleaseDLLStaticDeps|x64.ActiveCfg = ReleaseDLLStaticDeps|x64
		{4D9C457D-9ADA-4A12-9D06-42D80124C5AB}.ReleaseDLLStaticDeps|x64.Build.0 = ReleaseDLLStaticDeps|x64
		{4D9C457D-9ADA-4A12-9D06-42D80124C5AB}.ReleaseLTO|Win32.ActiveCfg = ReleaseLTO|Win32
		{4D9C457D-9ADA-4A12-9D06-42D80124C5AB}.ReleaseLTO|Win32.Build.0 = ReleaseLTO|Win32
		{4D9C457D-9ADA-4A12-9D06-42D80124C5AB}.ReleaseLTO|x64.ActiveCfg = ReleaseLTO|x64
		{4D9C457D-9ADA-4A12-9D06-42D80124C5AB}.ReleaseLTO|x64.Build.0 = ReleaseLTO|x64
		{3CE4A9EF-98B6-4454-B76E-3AD9C03A2114}.Debug|Win32.ActiveCfg = Debug|Win32
		{3CE4A9EF-98B6-4454-B76E-3AD9C03A2114}.Debug|Win32.Build.0 = Debug|Win32
		{3CE4A9EF-98B6-4454-B76E-3AD9C03A2114}.Debug|x64.ActiveCfg = Debug|x64
		{3CE4A9EF-98B6-4454-B76E-3AD9C03A2114}.Debug|x64.Build.0 = Debug|x64
		{3CE4A9EF-98B6-4454-B76E-3AD9C03A2114}.DebugDLL|Win32.ActiveCfg = DebugDLL|Win32
		{3CE4A9EF-98B6-4454-B76E-3AD9C03A2114}.DebugDLL|Win32.Build.0 = DebugDLL|Win32
		{3CE4A9EF-98B6-4454-B76E-3AD9C03A2114}.DebugDLL|x64.ActiveCfg = DebugDLL|x64
		{3CE4A9EF-98B6-4454-B76E-3AD9C03A2114}.DebugDLL|x64.Build.0 = DebugDLL|x64
		{3CE4A9EF-98B6-4454-B76E-3AD9C03A2114}.DebugDLLStaticDeps|Win32.ActiveCfg = DebugDLLStaticDeps|Win32
		{3CE4A9EF-98B6-4454-B76E-3AD9C03A2114}.DebugDLLStaticDeps|Win32.Build.0 = DebugDLLStaticDeps|Win32
		{3CE4A9EF-98B6-4454-B76E-3AD9C03A2114}.DebugDLLStaticDeps|x64.ActiveCfg = DebugDLLStaticDeps|x64
		{3CE4A9EF-98B6-4454-B76E-3AD9C03A2114}.DebugDLLStaticDeps|x64.Build.0 = DebugDLLStaticDeps|x64
		{3CE4A9EF-98B6-4454-B76E-3AD9C03A2114}.Release|Win32.ActiveCfg = Release|Win32
		{3CE4A9EF-98B6-4454-B76E-3AD9C03A2114}.Release|Win32.Build.0 = Release|Win32
		{3CE4A9EF-98B6-4454-B76E-3AD9C03A2114}.Release|x64.ActiveCfg = Release|x64
		{3CE4A9EF-98B6-4454-B76E-3AD9C03A2114}.Release|x64.Build.0 = Release|x64
		{3CE4A9EF-98B6-4454-B76E-3AD9C03A2114}.ReleaseDLL|Win32.ActiveCfg = ReleaseDLL|Win32
		{3CE4A9EF-98B6-4454-B76E-3AD9C03A2114}.ReleaseDLL|Win32.Build.0 = ReleaseDLL|Win32
		{3CE4A9EF-98B6-4454-B76E-3AD9C03A2114}.ReleaseDLL|x64.ActiveCfg = ReleaseDLL|x64
		{3CE4A9EF-98B6-4454-B76E-3AD9C03A2114}.ReleaseDLL|x64.Build.0 = ReleaseDLL|x64
		{3CE4A9EF-98B6-4454-B76E-3AD9C03A2114}.ReleaseDLLStaticDeps|Win32.ActiveCfg = ReleaseDLLStaticDeps|Win32
		{3CE4A9EF-98B6-4454-B76E-3AD9C03A2114}.ReleaseDLLStaticDeps|Win32.Build.0 = ReleaseDLLStaticDeps|Win32
		{3CE4A9EF-98B6-4454-B76E-3AD9C03A2114}.ReleaseDLLStaticDeps|x64.ActiveCfg = ReleaseDLLStaticDeps|x64
		{3CE4A9EF-98B6-4454-B76E-3AD9C03A2114}.ReleaseDLLStaticDeps|x64.Build.0 = ReleaseDLLStaticDeps|x64
		{3CE4A9EF-98B6-4454-B76E-3AD9C03A2114}.ReleaseLTO|Win32.ActiveCfg = ReleaseLTO|Win32
		{3CE4A9EF-98B6-4454-B76E-3AD9C03A2114}.ReleaseLTO|Win32.Build.0 = ReleaseLTO|Win32
		{3CE4A9EF-98B6-4454-B76E-3AD9C03A2114}.ReleaseLTO|x64.ActiveCfg = ReleaseLTO|x64
		{3CE4A9EF-98B6-4454-B76E-3AD9C03A2114}.ReleaseLTO|x64.Build.0 = ReleaseLTO|x64
		{6D8A6330-8EBE-49FD-9281-0A396F9F28F2}.Debug|Win32.ActiveCfg = Debug|Win32
		{6D8A6330-8EBE-49FD-9281-0A396F9F28F2}.Debug|Win32.Build.0 = Debug|Win32
		{6D8A6330-8EBE-49FD-9281-0A396F9F28F2}.Debug|x64.ActiveCfg = Debug|x64
		{6D8A6330-8EBE-49FD-9281-0A396F9F28F2}.Debug|x64.Build.0 = Debug|x64
		{6D8A6330-8EBE-49FD-9281-0A396F9F28F2}.DebugDLL|Win32.ActiveCfg = DebugDLL|Win32
		{6D8A6330-8EBE-49FD-9281-0A396F9F28F2}.DebugDLL|Win32.Build.0 = DebugDLL|Win32
		{6D8A6330-8EBE-49FD-9281-0A396F9F28F2}.DebugDLL|x64.ActiveCfg = DebugDLL|x64
		{6D8A6330-8EBE-49FD-9281-0A396F9F28F2}.DebugDLL|x64.Build.0 = DebugDLL|x64
		{6D8A6330-8EBE-49FD-9281-0A396F9F28F2}.DebugDLLStaticDeps|Win32.ActiveCfg = DebugDLLStaticDeps|Win32
		{6D8A6330-8EBE-49FD-9281-0A396F9F28F2}.DebugDLLStaticDeps|Win32.Build.0 = DebugDLLStaticDeps|Win32
		{6D8A6330-8EBE-49FD-9281-0A396F9F28F2}.DebugDLLStaticDeps|x64.ActiveCfg = DebugDLLStaticDeps|x64
		{6D8A6330-8EBE-49FD-9281-0A396F9F28F2}.DebugDLLStaticDeps|x64.Build.0 = DebugDLLStaticDeps|x64
		{6D8A6330-8EBE-49FD-9281-0A396F9F28F2}.Release|Win32.ActiveCfg = Release|Win32
		{6D8A6330-8EBE-49FD-9281-0A396F9F28F2}.Release|Win32.Build.0 = Release|Win32
		{6D8A6330-8EBE-49FD-9281-0A396F9F28F2}.Release|x64.ActiveCfg = Release|x64
		{6D8A6330-8EBE-49FD-9281-0A396F9F28F2}.Release|x64.Build.0 = Release|x64
		{6D8A6330-8EBE-49FD-9281-0A396F9F28F2}.ReleaseDLL|Win32.ActiveCfg = ReleaseDLL|Win32
		{6D8A6330-8EBE-49FD-9281-0A396F9F28F2}.ReleaseDLL|Win32.Build.0 = ReleaseDLL|Win32
		{6D8A6330-8EBE-49FD-9281-0A396F9F28F2}.ReleaseDLL|x64.ActiveCfg = ReleaseDLL|x64
		{6D8A6330-8EBE-49FD-9281-0A396F9F28F2}.ReleaseDLL|x64.Build.0 = ReleaseDLL|x64
		{6D8A6330-8EBE-49FD-9281-0A396F9F28F2}.ReleaseDLLStaticDeps|Win32.ActiveCfg = ReleaseDLLStaticDeps|Win32
		{6D8A6330-8EBE-49FD-9281-0A396F9F28F2}.ReleaseDLLStaticDeps|Win32.Build.0 = ReleaseDLLStaticDeps|Win32
		{6D8A6330-8EBE-49FD-9281-0A396F9F28F2}.ReleaseDLLStaticDeps|x64.ActiveCfg = ReleaseDLLStaticDeps|x64
		{6D8A6330-8EBE-49FD-9281-0A396F9F28F2}.ReleaseDLLStaticDeps|x64.Build.0 = ReleaseDLLStaticDeps|x64
		{6D8A6330-8EBE-49FD-9281-0A396F9F28F2}.ReleaseLTO|Win32.ActiveCfg = ReleaseLTO|Win32
		{6D8A6330-8EBE-49FD-9281-0A396F9F28F2}.ReleaseLTO|Win32.Build.0 = ReleaseLTO|Win32
		{6D8A6330-8EBE-49FD-9281-0A396F9F28F2}.ReleaseLTO|x64.ActiveCfg = ReleaseLTO|x64
		{6D8A6330-8EBE-49FD-9281-0A396F9F28F2}.ReleaseLTO|x64.Build.0 = ReleaseLTO|x64
		{4081C77E-F1F7-49FA-9BD8-A4D267C83716}.Debug|Win32.ActiveCfg = Debug|Win32
		{4081C77E-F1F7-49FA-9BD8-A4D267C83716}.Debug|Win32.Build.0 = Debug|Win32
		{4081C77E-F1F7-49FA-9BD8-A4D267C83716}.Debug|x64.ActiveCfg = Debug|x64
		{4081C77E-F1F7-49FA-9BD8-A4D267C83716}.Debug|x64.Build.0 = Debug|x64
		{4081C77E-F1F7-49FA-9BD8-A4D267C83716}.DebugDLL|Win32.ActiveCfg = DebugDLL|Win32
		{4081C77E-F1F7-49FA-9BD8-A4D267C83716}.DebugDLL|Win32.Build.0 = DebugDLL|Win32
		{4081C77E-F1F7-49FA-9BD8-A4D267C83716}.DebugDLL|x64.ActiveCfg = DebugDLL|x64
		{4081C77E-F1F7-49FA-9BD8-A4D267C83716}.DebugDLL|x64.Build.0 = DebugDLL|x64
		{4081C77E-F1F7-49FA-9BD8-A4D267C83716}.DebugDLLStaticDeps|Win32.ActiveCfg = DebugDLL|Win32
		{4081C77E-F1F7-49FA-9BD8-A4D267C83716}.DebugDLLStaticDeps|Win32.Build.0 = DebugDLL|Win32
		{4081C77E-F1F7-49FA-9BD8-A4D267C83716}.DebugDLLStaticDeps|x64.ActiveCfg = DebugDLL|x64
		{4081C77E-F1F7-49FA-9BD8-A4D267C83716}.DebugDLLStaticDeps|x64.Build.0 = DebugDLL|x64
		{4081C77E-F1F7-49FA-9BD8-A4D267C83716}.Release|Win32.ActiveCfg = Release|Win32
		{4081C77E-F1F7-49FA-9BD8-A4D267C83716}.Release|Win32.Build.0 = Release|Win32
		{4081C77E-F1F7-49FA-9BD8-A4D267C83716}.Release|x64.ActiveCfg = Release|x64
		{4081C77E-F1F7-49FA-9BD8-A4D267C83716}.Release|x64.Build.0 = Release|x64
		{4081C77E-F1F7-49FA-9BD8-A4D267C83716}.ReleaseDLL|Win32.ActiveCfg = ReleaseDLL|Win32
		{4081C77E-F1F7-49FA-9BD8-A4D267C83716}.ReleaseDLL|Win32.Build.0 = ReleaseDLL|Win32
		{4081C77E-F1F7-49FA-9BD8-A4D267C83716}.ReleaseDLL|x64.ActiveCfg = ReleaseDLL|x64
		{4081C77E-F1F7-49FA-9BD8-A4D267C83716}.ReleaseDLL|x64.Build.0 = ReleaseDLL|x64
		{4081C77E-F1F7-49FA-9BD8-A4D267C83716}.ReleaseDLLStaticDeps|Win32.ActiveCfg = ReleaseDLL|Win32
		{4081C77E-F1F7-49FA-9BD8-A4D267C83716}.ReleaseDLLStaticDeps|Win32.Build.0 = ReleaseDLL|Win32
		{4081C77E-F1F7-49FA-9BD8-A4D267C83716}.ReleaseDLLStaticDeps|x64.ActiveCfg = ReleaseDLL|x64
		{4081C77E-F1F7-49FA-9BD8-A4D267C83716}.ReleaseDLLStaticDeps|x64.Build.0 = ReleaseDLL|x64
		{4081C77E-F1F7-49FA-9BD8-A4D267C83716}.ReleaseLTO|Win32.ActiveCfg = Release|Win32
		{4081C77E-F1F7-49FA-9BD8-A4D267C83716}.ReleaseLTO|Win32.Build.0 = Release|Win32
		{4081C77E-F1F7-49FA-9BD8-A4D267C83716}.ReleaseLTO|x64.ActiveCfg = Release|x64
		{4081C77E-F1F7-49FA-9BD8-A4D267C83716}.ReleaseLTO|x64.Build.0 = Release|x64
		{E2A6865D-BD68-45B4-8130-EFD620F2C7EB}.Debug|Win32.ActiveCfg = Debug|Win32
		{E2A6865D-BD68-45B4-8130-EFD620F2C7EB}.Debug|Win32.Build.0 = Debug|Win32
		{E2A6865D-BD68-45B4-8130-EFD620F2C7EB}.Debug|x64.ActiveCfg = Debug|x64
		{E2A6865D-BD68-45B4-8130-EFD620F2C7EB}.Debug|x64.Build.0 = Debug|x64
		{E2A6865D-BD68-45B4-8130-EFD620F2C7EB}.DebugDLL|Win32.ActiveCfg = DebugDLL|Win32
		{E2A6865D-BD68-45B4-8130-EFD620F2C7EB}.DebugDLL|Win32.Build.0 = DebugDLL|Win32
		{E2A6865D-BD68-45B4-8130-EFD620F2C7EB}.DebugDLL|x64.ActiveCfg = DebugDLL|x64
		{E2A6865D-BD68-45B4-8130-EFD620F2C7EB}.DebugDLL|x64.Build.0 = DebugDLL|x64
		{E2A6865D-BD68-45B4-8130-EFD620F2C7EB}.DebugDLLStaticDeps|Win32.ActiveCfg = DebugDLL|Win32
		{E2A6865D-BD68-45B4-8130-EFD620F2C7EB}.DebugDLLStaticDeps|Win32.Build.0 = DebugDLL|Win32
		{E2A6865D-BD68-45B4-8130-EFD620F2C7EB}.DebugDLLStaticDeps|x64.ActiveCfg = DebugDLL|x64
		{E2A6865D-BD68-45B4-8130-EFD620F2C7EB}.DebugDLLStaticDeps|x64.Build.0 = DebugDLL|x64
		{E2A6865D-BD68-45B4-8130-EFD620F2C7EB}.Release|Win32.ActiveCfg = Release|Win32
		{E2A6865D-BD68-45B4-8130-EFD620F2C7EB}.Release|Win32.Build.0 = Release|Win32
		{E2A6865D-BD68-45B4-8130-EFD620F2C7EB}.Release|x64.ActiveCfg = Release|x64
		{E2A6865D-BD68-45B4-8130-EFD620F2C7EB}.Release|x64.Build.0 = Release|x64
		{E2A6865D-BD68-45B4-8130-EFD620F2C7EB}.ReleaseDLL|Win32.ActiveCfg = ReleaseDLL|Win32
		{E2A6865D-BD68-45B4-8130-EFD620F2C7EB}.ReleaseDLL|Win32.Build.0 = ReleaseDLL|Win32
		{E2A6865D-BD68-45B4-8130-EFD620F2C7EB}.ReleaseDLL|x64.ActiveCfg = ReleaseDLL|x64
		{E2A6865D-BD68-45B4-8130-EFD620F2C7EB}.ReleaseDLL|x64.Build.0 = ReleaseDLL|x64
		{E2A6865D-BD68-45B4-8130-EFD620F2C7EB}.ReleaseDLLStaticDeps|Win32.ActiveCfg = ReleaseDLL|Win32
		{E2A6865D-BD68-45B4-8130-EFD620F2C7EB}.ReleaseDLLStaticDeps|Win32.Build.0 = ReleaseDLL|Win32
		{E2A6865D-BD68-45B4-8130-EFD620F2C7EB}.ReleaseDLLStaticDeps|x64.ActiveCfg = ReleaseDLL|x64
		{E2A6865D-BD68-45B4-8130-EFD620F2C7EB}.ReleaseDLLStaticDeps|x64.Build.0 = ReleaseDLL|x64
		{E2A6865D-BD68-45B4-8130-EFD620F2C7EB}.ReleaseLTO|Win32.ActiveCfg = Release|Win32
		{E2A6865D-BD68-45B4-8130-EFD620F2C7EB}.ReleaseLTO|Win32.Build.0 = Release|Win32
		{E2A6865D-BD68-45B4-8130-EFD620F2C7EB}.ReleaseLTO|x64.ActiveCfg = Release|x64
		{E2A6865D-BD68-45B4-8130-EFD620F2C7EB}.ReleaseLTO|x64.Build.0 = Release|x64
		{147A422A-FA63-4724-A5D9-08B1CAFDAB59}.Debug|Win32.ActiveCfg = Debug|Win32
		{147A422A-FA63-4724-A5D9-08B1CAFDAB59}.Debug|Win32.Build.0 = Debug|Win32
		{147A422A-FA63-4724-A5D9-08B1CAFDAB59}.Debug|x64.ActiveCfg = Debug|x64
		{147A422A-FA63-4724-A5D9-08B1CAFDAB59}.Debug|x64.Build.0 = Debug|x64
		{147A422A-FA63-4724-A5D9-08B1CAFDAB59}.DebugDLL|Win32.ActiveCfg = DebugDLL|Win32
		{147A422A-FA63-4724-A5D9-08B1CAFDAB59}.DebugDLL|Win32.Build.0 = DebugDLL|Win32
		{147A422A-FA63-4724-A5D9-08B1CAFDAB59}.DebugDLL|x64.ActiveCfg = DebugDLL|x64
		{147A422A-FA63-4724-A5D9-08B1CAFDAB59}.DebugDLL|x64.Build.0 = DebugDLL|x64
		{147A422A-FA63-4724-A5D9-08B1CAFDAB59}.DebugDLLStaticDeps|Win32.ActiveCfg = DebugDLL|Win32
		{147A422A-FA63-4724-A5D9-08B1CAFDAB59}.DebugDLLStaticDeps|Win32.Build.0 = DebugDLL|Win32
		{147A422A-FA63-4724-A5D9-08B1CAFDAB59}.DebugDLLStaticDeps|x64.ActiveCfg = DebugDLL|x64
		{147A422A-FA63-4724-A5D9-08B1CAFDAB59}.DebugDLLStaticDeps|x64.Build.0 = DebugDLL|x64
		{147A422A-FA63-4724-A5D9-08B1CAFDAB59}.Release|Win32.ActiveCfg = Release|Win32
		{147A422A-FA63-4724-A5D9-08B1CAFDAB59}.Release|Win32.Build.0 = Release|Win32
		{147A422A-FA63-4724-A5D9-08B1CAFDAB59}.Release|x64.ActiveCfg = Release|x64
		{147A422A-FA63-4724-A5D9-08B1CAFDAB59}.Release|x64.Build.0 = Release|x64
		{147A422A-FA63-4724-A5D9-08B1CAFDAB59}.ReleaseDLL|Win32.ActiveCfg = ReleaseDLL|Win32
		{147A422A-FA63-4724-A5D9-08B1CAFDAB59}.ReleaseDLL|Win32.Build.0 = ReleaseDLL|Win32
		{147A422A-FA63-4724-A5D9-08B1CAFDAB59}.ReleaseDLL|x64.ActiveCfg = ReleaseDLL|x64
		{147A422A-FA63-4724-A5D9-08B1CAFDAB59}.ReleaseDLL|x64.Build.0 = ReleaseDLL|x64
		{147A422A-FA63-4724-A5D9-08B1CAFDAB59}.ReleaseDLLStaticDeps|Win32.ActiveCfg = ReleaseDLL|Win32
		{147A422A-FA63-4724-A5D9-08B1CAFDAB59}.ReleaseDLLStaticDeps|Win32.Build.0 = ReleaseDLL|Win32
		{147A422A-FA63-4724-A5D9-08B1CAFDAB59}.ReleaseDLLStaticDeps|x64.ActiveCfg = ReleaseDLL|x64
		{147A422A-FA63-4724-A5D9-08B1CAFDAB59}.ReleaseDLLStaticDeps|x64.Build.0 = ReleaseDLL|x64
		{147A422A-FA63-4724-A5D9-08B1CAFDAB59}.ReleaseLTO|Win32.ActiveCfg = Release|Win32
		{147A422A-FA63-4724-A5D9-08B1CAFDAB59}.ReleaseLTO|Win32.Build.0 = Release|Win32
		{147A422A-FA63-4724-A5D9-08B1CAFDAB59}.ReleaseLTO|x64.ActiveCfg = Release|x64
		{147A422A-FA63-4724-A5D9-08B1CAFDAB59}.ReleaseLTO|x64.Build.0 = Release|x64
		{FA1D2C31-D809-4021-9DE4-7552704175EE}.Debug|Win32.ActiveCfg = Debug|Win32
		{FA1D2C31-D809-4021-9DE4-7552704175EE}.Debug|Win32.Build.0 = Debug|Win32
		{FA1D2C31-D809-4021-9DE4-7552704175EE}.Debug|x64.ActiveCfg = Debug|x64
		{FA1D2C31-D809-4021-9DE4-7552704175EE}.Debug|x64.Build.0 = Debug|x64
		{FA1D2C31-D809-4021-9DE4-7552704175EE}.DebugDLL|Win32.ActiveCfg = Debug|Win32
		{FA1D2C31-D809-4021-9DE4-7552704175EE}.DebugDLL|x64.ActiveCfg = Debug|x64
		{FA1D2C31-D809-4021-9DE4-7552704175EE}.DebugDLLStaticDeps|Win32.ActiveCfg = Debug|Win32
		{FA1D2C31-D809-4021-9DE4-7552704175EE}.DebugDLLStaticDeps|x64.ActiveCfg = Debug|x64
		{FA1D2C31-D809-4021-9DE4-7552704175EE}.Release|Win32.ActiveCfg = Release|Win32
		{FA1D2C31-D809-4021-9DE4-7552704175EE}.Release|x64.ActiveCfg = Release|x64
		{FA1D2C31-D809-4021-9DE4-7552704175EE}.ReleaseDLL|Win32.ActiveCfg = Release|Win32
		{FA1D2C31-D809-4021-9DE4-7552704175EE}.ReleaseDLL|x64.ActiveCfg = Release|x64
		{FA1D2C31-D809-4021-9DE4-7552704175EE}.ReleaseDLLStaticDeps|Win32.ActiveCfg = Release|Win32
		{FA1D2C31-D809-4021-9DE4-7552704175EE}.ReleaseDLLStaticDeps|x64.ActiveCfg = Release|x64
		{FA1D2C31-D809-4021-9DE4-7552704175EE}.ReleaseLTO|Win32.ActiveCfg = Release|Win32
		{FA1D2C31-D809-4021-9DE4-7552704175EE}.ReleaseLTO|x64.ActiveCfg = Release|x64
	EndGlobalSection
	GlobalSection(SolutionProperties) = preSolution
		HideSolutionNode = FALSE
	EndGlobalSection
	GlobalSection(NestedProjects) = preSolution
		{4081C77E-F1F7-49FA-9BD8-A4D267C83716} = {8A736DDA-6840-4E65-9DA4-BF65A2A70428}
		{E2A6865D-BD68-45B4-8130-EFD620F2C7EB} = {8A736DDA-6840-4E65-9DA4-BF65A2A70428}
		{147A422A-FA63-4724-A5D9-08B1CAFDAB59} = {8A736DDA-6840-4E65-9DA4-BF65A2A70428}
		{FA1D2C31-D809-4021-9DE4-7552704175EE} = {9065B509-5108-45E4-AAF2-B5FD4EF9D9DF}
	EndGlobalSection
EndGlobal
