<?xml version="1.0" encoding="utf-8"?>
<Project ToolsVersion="4.0" xmlns="http://schemas.microsoft.com/developer/msbuild/2003">
  <ItemGroup>
    <Filter Include="Header Files">
      <UniqueIdentifier>{2f2c4a75-f563-4eda-81a8-99f05e978394}</UniqueIdentifier>
    </Filter>
    <Filter Include="Source Files">
      <UniqueIdentifier>{9dcb9da6-1c85-40b9-b875-9bdf9575be2d}</UniqueIdentifier>
    </Filter>
    <Filter Include="Resource Files">
      <UniqueIdentifier>{e05e69ea-955c-4c2c-83f8-ff30c0007387}</UniqueIdentifier>
    </Filter>
    <Filter Include="Header Files\libavfilter">
      <UniqueIdentifier>{cac6df1e-4a60-495c-8daa-5707dc1216ff}</UniqueIdentifier>
    </Filter>
    <Filter Include="Source Files\libavfilter">
      <UniqueIdentifier>{9fee14b2-1b77-463a-bd6b-60efdcf8850f}</UniqueIdentifier>
    </Filter>
    <Filter Include="Source Files\libavfilter\x86">
      <UniqueIdentifier>{bf017c32-250d-47da-b7e6-d5a5091cb1e6}</UniqueIdentifier>
    </Filter>
  </ItemGroup>
  <ItemGroup>
    <YASM Include="..\libavfilter\x86\vf_blend.asm">
      <Filter>Source Files\libavfilter\x86</Filter>
    </YASM>
    <YASM Include="..\libavfilter\x86\vf_fspp.asm">
      <Filter>Source Files\libavfilter\x86</Filter>
    </YASM>
    <YASM Include="..\libavfilter\x86\vf_gradfun.asm">
      <Filter>Source Files\libavfilter\x86</Filter>
    </YASM>
    <YASM Include="..\libavfilter\x86\vf_hqdn3d.asm">
      <Filter>Source Files\libavfilter\x86</Filter>
    </YASM>
    <YASM Include="..\libavfilter\x86\vf_idet.asm">
      <Filter>Source Files\libavfilter\x86</Filter>
    </YASM>
    <YASM Include="..\libavfilter\x86\vf_interlace.asm">
      <Filter>Source Files\libavfilter\x86</Filter>
    </YASM>
    <YASM Include="..\libavfilter\x86\vf_maskedmerge.asm">
      <Filter>Source Files\libavfilter\x86</Filter>
    </YASM>
    <YASM Include="..\libavfilter\x86\vf_pp7.asm">
      <Filter>Source Files\libavfilter\x86</Filter>
    </YASM>
    <YASM Include="..\libavfilter\x86\vf_psnr.asm">
      <Filter>Source Files\libavfilter\x86</Filter>
    </YASM>
    <YASM Include="..\libavfilter\x86\vf_pullup.asm">
      <Filter>Source Files\libavfilter\x86</Filter>
    </YASM>
    <YASM Include="..\libavfilter\x86\vf_removegrain.asm">
      <Filter>Source Files\libavfilter\x86</Filter>
    </YASM>
    <YASM Include="..\libavfilter\x86\vf_ssim.asm">
      <Filter>Source Files\libavfilter\x86</Filter>
    </YASM>
    <YASM Include="..\libavfilter\x86\vf_stereo3d.asm">
      <Filter>Source Files\libavfilter\x86</Filter>
    </YASM>
    <YASM Include="..\libavfilter\x86\af_volume.asm">
      <Filter>Source Files\libavfilter\x86</Filter>
    </YASM>
    <YASM Include="..\libavfilter\x86\vf_w3fdif.asm">
      <Filter>Source Files\libavfilter\x86</Filter>
    </YASM>
    <YASM Include="..\libavfilter\x86\vf_yadif.asm">
      <Filter>Source Files\libavfilter\x86</Filter>
    </YASM>
    <YASM Include="..\libavfilter\x86\yadif-16.asm">
      <Filter>Source Files\libavfilter\x86</Filter>
    </YASM>
    <YASM Include="..\libavfilter\x86\yadif-10.asm">
      <Filter>Source Files\libavfilter\x86</Filter>
    </YASM>
  </ItemGroup>
  <ItemGroup>
    <ClCompile Include="..\libavfilter\allfilters.c">
      <Filter>Source Files\libavfilter</Filter>
    </ClCompile>
    <ClCompile Include="..\libavfilter\audio.c">
      <Filter>Source Files\libavfilter</Filter>
    </ClCompile>
    <ClCompile Include="..\libavfilter\avfilter.c">
      <Filter>Source Files\libavfilter</Filter>
    </ClCompile>
    <ClCompile Include="..\libavfilter\avfiltergraph.c">
      <Filter>Source Files\libavfilter</Filter>
    </ClCompile>
    <ClCompile Include="..\libavfilter\buffersink.c">
      <Filter>Source Files\libavfilter</Filter>
    </ClCompile>
    <ClCompile Include="..\libavfilter\buffersrc.c">
      <Filter>Source Files\libavfilter</Filter>
    </ClCompile>
    <ClCompile Include="..\libavfilter\drawutils.c">
      <Filter>Source Files\libavfilter</Filter>
    </ClCompile>
    <ClCompile Include="..\libavfilter\fifo.c">
      <Filter>Source Files\libavfilter</Filter>
    </ClCompile>
    <ClCompile Include="..\libavfilter\formats.c">
      <Filter>Source Files\libavfilter</Filter>
    </ClCompile>
    <ClCompile Include="..\libavfilter\graphdump.c">
      <Filter>Source Files\libavfilter</Filter>
    </ClCompile>
    <ClCompile Include="..\libavfilter\graphparser.c">
      <Filter>Source Files\libavfilter</Filter>
    </ClCompile>
    <ClCompile Include="..\libavfilter\opencl_allkernels.c">
      <Filter>Source Files\libavfilter</Filter>
    </ClCompile>
    <ClCompile Include="..\libavfilter\transform.c">
      <Filter>Source Files\libavfilter</Filter>
    </ClCompile>
    <ClCompile Include="..\libavfilter\video.c">
      <Filter>Source Files\libavfilter</Filter>
    </ClCompile>
    <ClCompile Include="..\libavfilter\af_afade.c">
      <Filter>Source Files\libavfilter</Filter>
    </ClCompile>
    <ClCompile Include="..\libavfilter\af_adelay.c">
      <Filter>Source Files\libavfilter</Filter>
    </ClCompile>
    <ClCompile Include="..\libavfilter\af_aecho.c">
      <Filter>Source Files\libavfilter</Filter>
    </ClCompile>
    <ClCompile Include="..\libavfilter\aeval.c">
      <Filter>Source Files\libavfilter</Filter>
    </ClCompile>
    <ClCompile Include="..\libavfilter\af_aformat.c">
      <Filter>Source Files\libavfilter</Filter>
    </ClCompile>
    <ClCompile Include="..\libavfilter\af_agate.c">
      <Filter>Source Files\libavfilter</Filter>
    </ClCompile>
    <ClCompile Include="..\libavfilter\f_interleave.c">
      <Filter>Source Files\libavfilter</Filter>
    </ClCompile>
    <ClCompile Include="..\libavfilter\af_alimiter.c">
      <Filter>Source Files\libavfilter</Filter>
    </ClCompile>
    <ClCompile Include="..\libavfilter\af_biquads.c">
      <Filter>Source Files\libavfilter</Filter>
    </ClCompile>
    <ClCompile Include="..\libavfilter\af_amerge.c">
      <Filter>Source Files\libavfilter</Filter>
    </ClCompile>
    <ClCompile Include="..\libavfilter\af_amix.c">
      <Filter>Source Files\libavfilter</Filter>
    </ClCompile>
    <ClCompile Include="..\libavfilter\af_anull.c">
      <Filter>Source Files\libavfilter</Filter>
    </ClCompile>
    <ClCompile Include="..\libavfilter\af_apad.c">
      <Filter>Source Files\libavfilter</Filter>
    </ClCompile>
    <ClCompile Include="..\libavfilter\f_perms.c">
      <Filter>Source Files\libavfilter</Filter>
    </ClCompile>
    <ClCompile Include="..\libavfilter\af_aphaser.c">
      <Filter>Source Files\libavfilter</Filter>
    </ClCompile>
    <ClCompile Include="..\libavfilter\generate_wave_table.c">
      <Filter>Source Files\libavfilter</Filter>
    </ClCompile>
    <ClCompile Include="..\libavfilter\af_aresample.c">
      <Filter>Source Files\libavfilter</Filter>
    </ClCompile>
    <ClCompile Include="..\libavfilter\f_reverse.c">
      <Filter>Source Files\libavfilter</Filter>
    </ClCompile>
    <ClCompile Include="..\libavfilter\f_select.c">
      <Filter>Source Files\libavfilter</Filter>
    </ClCompile>
    <ClCompile Include="..\libavfilter\f_sendcmd.c">
      <Filter>Source Files\libavfilter</Filter>
    </ClCompile>
    <ClCompile Include="..\libavfilter\af_asetnsamples.c">
      <Filter>Source Files\libavfilter</Filter>
    </ClCompile>
    <ClCompile Include="..\libavfilter\setpts.c">
      <Filter>Source Files\libavfilter</Filter>
    </ClCompile>
    <ClCompile Include="..\libavfilter\af_asetrate.c">
      <Filter>Source Files\libavfilter</Filter>
    </ClCompile>
    <ClCompile Include="..\libavfilter\settb.c">
      <Filter>Source Files\libavfilter</Filter>
    </ClCompile>
    <ClCompile Include="..\libavfilter\af_ashowinfo.c">
      <Filter>Source Files\libavfilter</Filter>
    </ClCompile>
    <ClCompile Include="..\libavfilter\split.c">
      <Filter>Source Files\libavfilter</Filter>
    </ClCompile>
    <ClCompile Include="..\libavfilter\af_astats.c">
      <Filter>Source Files\libavfilter</Filter>
    </ClCompile>
    <ClCompile Include="..\libavfilter\af_astreamsync.c">
      <Filter>Source Files\libavfilter</Filter>
    </ClCompile>
    <ClCompile Include="..\libavfilter\af_atempo.c">
      <Filter>Source Files\libavfilter</Filter>
    </ClCompile>
    <ClCompile Include="..\libavfilter\trim.c">
      <Filter>Source Files\libavfilter</Filter>
    </ClCompile>
    <ClCompile Include="..\libavfilter\af_channelmap.c">
      <Filter>Source Files\libavfilter</Filter>
    </ClCompile>
    <ClCompile Include="..\libavfilter\af_channelsplit.c">
      <Filter>Source Files\libavfilter</Filter>
    </ClCompile>
    <ClCompile Include="..\libavfilter\af_chorus.c">
      <Filter>Source Files\libavfilter</Filter>
    </ClCompile>
    <ClCompile Include="..\libavfilter\af_compand.c">
      <Filter>Source Files\libavfilter</Filter>
    </ClCompile>
    <ClCompile Include="..\libavfilter\af_dcshift.c">
      <Filter>Source Files\libavfilter</Filter>
    </ClCompile>
    <ClCompile Include="..\libavfilter\af_dynaudnorm.c">
      <Filter>Source Files\libavfilter</Filter>
    </ClCompile>
    <ClCompile Include="..\libavfilter\af_earwax.c">
      <Filter>Source Files\libavfilter</Filter>
    </ClCompile>
    <ClCompile Include="..\libavfilter\f_ebur128.c">
      <Filter>Source Files\libavfilter</Filter>
    </ClCompile>
    <ClCompile Include="..\libavfilter\af_extrastereo.c">
      <Filter>Source Files\libavfilter</Filter>
    </ClCompile>
    <ClCompile Include="..\libavfilter\af_flanger.c">
      <Filter>Source Files\libavfilter</Filter>
    </ClCompile>
    <ClCompile Include="..\libavfilter\af_join.c">
      <Filter>Source Files\libavfilter</Filter>
    </ClCompile>
    <ClCompile Include="..\libavfilter\af_pan.c">
      <Filter>Source Files\libavfilter</Filter>
    </ClCompile>
    <ClCompile Include="..\libavfilter\af_replaygain.c">
      <Filter>Source Files\libavfilter</Filter>
    </ClCompile>
    <ClCompile Include="..\libavfilter\af_sidechaincompress.c">
      <Filter>Source Files\libavfilter</Filter>
    </ClCompile>
    <ClCompile Include="..\libavfilter\af_silencedetect.c">
      <Filter>Source Files\libavfilter</Filter>
    </ClCompile>
    <ClCompile Include="..\libavfilter\af_silenceremove.c">
      <Filter>Source Files\libavfilter</Filter>
    </ClCompile>
    <ClCompile Include="..\libavfilter\af_stereotools.c">
      <Filter>Source Files\libavfilter</Filter>
    </ClCompile>
    <ClCompile Include="..\libavfilter\af_stereowiden.c">
      <Filter>Source Files\libavfilter</Filter>
    </ClCompile>
    <ClCompile Include="..\libavfilter\af_tremolo.c">
      <Filter>Source Files\libavfilter</Filter>
    </ClCompile>
    <ClCompile Include="..\libavfilter\af_volume.c">
      <Filter>Source Files\libavfilter</Filter>
    </ClCompile>
    <ClCompile Include="..\libavfilter\af_volumedetect.c">
      <Filter>Source Files\libavfilter</Filter>
    </ClCompile>
    <ClCompile Include="..\libavfilter\asrc_anullsrc.c">
      <Filter>Source Files\libavfilter</Filter>
    </ClCompile>
    <ClCompile Include="..\libavfilter\asrc_sine.c">
      <Filter>Source Files\libavfilter</Filter>
    </ClCompile>
    <ClCompile Include="..\libavfilter\asink_anullsink.c">
      <Filter>Source Files\libavfilter</Filter>
    </ClCompile>
    <ClCompile Include="..\libavfilter\vf_subtitles.c">
      <Filter>Source Files\libavfilter</Filter>
    </ClCompile>
    <ClCompile Include="..\libavfilter\vf_extractplanes.c">
      <Filter>Source Files\libavfilter</Filter>
    </ClCompile>
    <ClCompile Include="..\libavfilter\vf_alphamerge.c">
      <Filter>Source Files\libavfilter</Filter>
    </ClCompile>
    <ClCompile Include="..\libavfilter\vf_atadenoise.c">
      <Filter>Source Files\libavfilter</Filter>
    </ClCompile>
    <ClCompile Include="..\libavfilter\bbox.c">
      <Filter>Source Files\libavfilter</Filter>
    </ClCompile>
    <ClCompile Include="..\libavfilter\vf_bbox.c">
      <Filter>Source Files\libavfilter</Filter>
    </ClCompile>
    <ClCompile Include="..\libavfilter\vf_blackdetect.c">
      <Filter>Source Files\libavfilter</Filter>
    </ClCompile>
    <ClCompile Include="..\libavfilter\vf_blackframe.c">
      <Filter>Source Files\libavfilter</Filter>
    </ClCompile>
    <ClCompile Include="..\libavfilter\vf_blend.c">
      <Filter>Source Files\libavfilter</Filter>
    </ClCompile>
    <ClCompile Include="..\libavfilter\dualinput.c">
      <Filter>Source Files\libavfilter</Filter>
    </ClCompile>
    <ClCompile Include="..\libavfilter\framesync.c">
      <Filter>Source Files\libavfilter</Filter>
    </ClCompile>
    <ClCompile Include="..\libavfilter\vf_boxblur.c">
      <Filter>Source Files\libavfilter</Filter>
    </ClCompile>
    <ClCompile Include="..\libavfilter\vf_chromakey.c">
      <Filter>Source Files\libavfilter</Filter>
    </ClCompile>
    <ClCompile Include="..\libavfilter\vf_codecview.c">
      <Filter>Source Files\libavfilter</Filter>
    </ClCompile>
    <ClCompile Include="..\libavfilter\vf_colorbalance.c">
      <Filter>Source Files\libavfilter</Filter>
    </ClCompile>
    <ClCompile Include="..\libavfilter\vf_colorchannelmixer.c">
      <Filter>Source Files\libavfilter</Filter>
    </ClCompile>
    <ClCompile Include="..\libavfilter\vf_colorkey.c">
      <Filter>Source Files\libavfilter</Filter>
    </ClCompile>
    <ClCompile Include="..\libavfilter\vf_colorlevels.c">
      <Filter>Source Files\libavfilter</Filter>
    </ClCompile>
    <ClCompile Include="..\libavfilter\vf_colormatrix.c">
      <Filter>Source Files\libavfilter</Filter>
    </ClCompile>
    <ClCompile Include="..\libavfilter\vf_copy.c">
      <Filter>Source Files\libavfilter</Filter>
    </ClCompile>
    <ClCompile Include="..\libavfilter\vf_cover_rect.c">
      <Filter>Source Files\libavfilter</Filter>
    </ClCompile>
    <ClCompile Include="..\libavfilter\lavfutils.c">
      <Filter>Source Files\libavfilter</Filter>
    </ClCompile>
    <ClCompile Include="..\libavfilter\vf_crop.c">
      <Filter>Source Files\libavfilter</Filter>
    </ClCompile>
    <ClCompile Include="..\libavfilter\vf_cropdetect.c">
      <Filter>Source Files\libavfilter</Filter>
    </ClCompile>
    <ClCompile Include="..\libavfilter\vf_curves.c">
      <Filter>Source Files\libavfilter</Filter>
    </ClCompile>
    <ClCompile Include="..\libavfilter\vf_dctdnoiz.c">
      <Filter>Source Files\libavfilter</Filter>
    </ClCompile>
    <ClCompile Include="..\libavfilter\vf_deband.c">
      <Filter>Source Files\libavfilter</Filter>
    </ClCompile>
    <ClCompile Include="..\libavfilter\vf_decimate.c">
      <Filter>Source Files\libavfilter</Filter>
    </ClCompile>
    <ClCompile Include="..\libavfilter\vf_neighbor.c">
      <Filter>Source Files\libavfilter</Filter>
    </ClCompile>
    <ClCompile Include="..\libavfilter\vf_dejudder.c">
      <Filter>Source Files\libavfilter</Filter>
    </ClCompile>
    <ClCompile Include="..\libavfilter\vf_delogo.c">
      <Filter>Source Files\libavfilter</Filter>
    </ClCompile>
    <ClCompile Include="..\libavfilter\vf_deshake.c">
      <Filter>Source Files\libavfilter</Filter>
    </ClCompile>
    <ClCompile Include="..\libavfilter\vf_detelecine.c">
      <Filter>Source Files\libavfilter</Filter>
    </ClCompile>
    <ClCompile Include="..\libavfilter\vf_displace.c">
      <Filter>Source Files\libavfilter</Filter>
    </ClCompile>
    <ClCompile Include="..\libavfilter\vf_drawbox.c">
      <Filter>Source Files\libavfilter</Filter>
    </ClCompile>
    <ClCompile Include="..\libavfilter\f_drawgraph.c">
      <Filter>Source Files\libavfilter</Filter>
    </ClCompile>
    <ClCompile Include="..\libavfilter\vf_drawtext.c">
      <Filter>Source Files\libavfilter</Filter>
    </ClCompile>
    <ClCompile Include="..\libavfilter\vf_elbg.c">
      <Filter>Source Files\libavfilter</Filter>
    </ClCompile>
    <ClCompile Include="..\libavfilter\vf_edgedetect.c">
      <Filter>Source Files\libavfilter</Filter>
    </ClCompile>
    <ClCompile Include="..\libavfilter\vf_eq.c">
      <Filter>Source Files\libavfilter</Filter>
    </ClCompile>
    <ClCompile Include="..\libavfilter\vf_fade.c">
      <Filter>Source Files\libavfilter</Filter>
    </ClCompile>
    <ClCompile Include="..\libavfilter\vf_fftfilt.c">
      <Filter>Source Files\libavfilter</Filter>
    </ClCompile>
    <ClCompile Include="..\libavfilter\vf_field.c">
      <Filter>Source Files\libavfilter</Filter>
    </ClCompile>
    <ClCompile Include="..\libavfilter\vf_fieldmatch.c">
      <Filter>Source Files\libavfilter</Filter>
    </ClCompile>
    <ClCompile Include="..\libavfilter\vf_fieldorder.c">
      <Filter>Source Files\libavfilter</Filter>
    </ClCompile>
    <ClCompile Include="..\libavfilter\vf_find_rect.c">
      <Filter>Source Files\libavfilter</Filter>
    </ClCompile>
    <ClCompile Include="..\libavfilter\vf_format.c">
      <Filter>Source Files\libavfilter</Filter>
    </ClCompile>
    <ClCompile Include="..\libavfilter\vf_fps.c">
      <Filter>Source Files\libavfilter</Filter>
    </ClCompile>
    <ClCompile Include="..\libavfilter\vf_framepack.c">
      <Filter>Source Files\libavfilter</Filter>
    </ClCompile>
    <ClCompile Include="..\libavfilter\vf_framerate.c">
      <Filter>Source Files\libavfilter</Filter>
    </ClCompile>
    <ClCompile Include="..\libavfilter\vf_framestep.c">
      <Filter>Source Files\libavfilter</Filter>
    </ClCompile>
    <ClCompile Include="..\libavfilter\vf_fspp.c">
      <Filter>Source Files\libavfilter</Filter>
    </ClCompile>
    <ClCompile Include="..\libavfilter\vf_geq.c">
      <Filter>Source Files\libavfilter</Filter>
    </ClCompile>
    <ClCompile Include="..\libavfilter\vf_gradfun.c">
      <Filter>Source Files\libavfilter</Filter>
    </ClCompile>
    <ClCompile Include="..\libavfilter\vf_lut3d.c">
      <Filter>Source Files\libavfilter</Filter>
    </ClCompile>
    <ClCompile Include="..\libavfilter\vf_hflip.c">
      <Filter>Source Files\libavfilter</Filter>
    </ClCompile>
    <ClCompile Include="..\libavfilter\vf_histeq.c">
      <Filter>Source Files\libavfilter</Filter>
    </ClCompile>
    <ClCompile Include="..\libavfilter\vf_histogram.c">
      <Filter>Source Files\libavfilter</Filter>
    </ClCompile>
    <ClCompile Include="..\libavfilter\vf_hqdn3d.c">
      <Filter>Source Files\libavfilter</Filter>
    </ClCompile>
    <ClCompile Include="..\libavfilter\vf_hqx.c">
      <Filter>Source Files\libavfilter</Filter>
    </ClCompile>
    <ClCompile Include="..\libavfilter\vf_stack.c">
      <Filter>Source Files\libavfilter</Filter>
    </ClCompile>
    <ClCompile Include="..\libavfilter\vf_hue.c">
      <Filter>Source Files\libavfilter</Filter>
    </ClCompile>
    <ClCompile Include="..\libavfilter\vf_idet.c">
      <Filter>Source Files\libavfilter</Filter>
    </ClCompile>
    <ClCompile Include="..\libavfilter\vf_il.c">
      <Filter>Source Files\libavfilter</Filter>
    </ClCompile>
    <ClCompile Include="..\libavfilter\vf_interlace.c">
      <Filter>Source Files\libavfilter</Filter>
    </ClCompile>
    <ClCompile Include="..\libavfilter\vf_kerndeint.c">
      <Filter>Source Files\libavfilter</Filter>
    </ClCompile>
    <ClCompile Include="..\libavfilter\vf_lenscorrection.c">
      <Filter>Source Files\libavfilter</Filter>
    </ClCompile>
    <ClCompile Include="..\libavfilter\vf_lut.c">
      <Filter>Source Files\libavfilter</Filter>
    </ClCompile>
    <ClCompile Include="..\libavfilter\vf_maskedmerge.c">
      <Filter>Source Files\libavfilter</Filter>
    </ClCompile>
    <ClCompile Include="..\libavfilter\vf_mcdeint.c">
      <Filter>Source Files\libavfilter</Filter>
    </ClCompile>
    <ClCompile Include="..\libavfilter\vf_mergeplanes.c">
      <Filter>Source Files\libavfilter</Filter>
    </ClCompile>
    <ClCompile Include="..\libavfilter\vf_mpdecimate.c">
      <Filter>Source Files\libavfilter</Filter>
    </ClCompile>
    <ClCompile Include="..\libavfilter\vf_noise.c">
      <Filter>Source Files\libavfilter</Filter>
    </ClCompile>
    <ClCompile Include="..\libavfilter\vf_null.c">
      <Filter>Source Files\libavfilter</Filter>
    </ClCompile>
    <ClCompile Include="..\libavfilter\vf_overlay.c">
      <Filter>Source Files\libavfilter</Filter>
    </ClCompile>
    <ClCompile Include="..\libavfilter\vf_owdenoise.c">
      <Filter>Source Files\libavfilter</Filter>
    </ClCompile>
    <ClCompile Include="..\libavfilter\vf_pad.c">
      <Filter>Source Files\libavfilter</Filter>
    </ClCompile>
    <ClCompile Include="..\libavfilter\vf_palettegen.c">
      <Filter>Source Files\libavfilter</Filter>
    </ClCompile>
    <ClCompile Include="..\libavfilter\vf_paletteuse.c">
      <Filter>Source Files\libavfilter</Filter>
    </ClCompile>
    <ClCompile Include="..\libavfilter\vf_perspective.c">
      <Filter>Source Files\libavfilter</Filter>
    </ClCompile>
    <ClCompile Include="..\libavfilter\vf_phase.c">
      <Filter>Source Files\libavfilter</Filter>
    </ClCompile>
    <ClCompile Include="..\libavfilter\vf_pixdesctest.c">
      <Filter>Source Files\libavfilter</Filter>
    </ClCompile>
    <ClCompile Include="..\libavfilter\vf_pp.c">
      <Filter>Source Files\libavfilter</Filter>
    </ClCompile>
    <ClCompile Include="..\libavfilter\vf_pp7.c">
      <Filter>Source Files\libavfilter</Filter>
    </ClCompile>
    <ClCompile Include="..\libavfilter\vf_psnr.c">
      <Filter>Source Files\libavfilter</Filter>
    </ClCompile>
    <ClCompile Include="..\libavfilter\vf_pullup.c">
      <Filter>Source Files\libavfilter</Filter>
    </ClCompile>
    <ClCompile Include="..\libavfilter\vf_qp.c">
      <Filter>Source Files\libavfilter</Filter>
    </ClCompile>
    <ClCompile Include="..\libavfilter\vf_random.c">
      <Filter>Source Files\libavfilter</Filter>
    </ClCompile>
    <ClCompile Include="..\libavfilter\vf_removegrain.c">
      <Filter>Source Files\libavfilter</Filter>
    </ClCompile>
    <ClCompile Include="..\libavfilter\lswsutils.c">
      <Filter>Source Files\libavfilter</Filter>
    </ClCompile>
    <ClCompile Include="..\libavfilter\vf_removelogo.c">
      <Filter>Source Files\libavfilter</Filter>
    </ClCompile>
    <ClCompile Include="..\libavfilter\vf_repeatfields.c">
      <Filter>Source Files\libavfilter</Filter>
    </ClCompile>
    <ClCompile Include="..\libavfilter\vf_rotate.c">
      <Filter>Source Files\libavfilter</Filter>
    </ClCompile>
    <ClCompile Include="..\libavfilter\vf_separatefields.c">
      <Filter>Source Files\libavfilter</Filter>
    </ClCompile>
    <ClCompile Include="..\libavfilter\vf_sab.c">
      <Filter>Source Files\libavfilter</Filter>
    </ClCompile>
    <ClCompile Include="..\libavfilter\vf_scale.c">
      <Filter>Source Files\libavfilter</Filter>
    </ClCompile>
    <ClCompile Include="..\libavfilter\vf_selectivecolor.c">
      <Filter>Source Files\libavfilter</Filter>
    </ClCompile>
    <ClCompile Include="..\libavfilter\vf_aspect.c">
      <Filter>Source Files\libavfilter</Filter>
    </ClCompile>
    <ClCompile Include="..\libavfilter\vf_setfield.c">
      <Filter>Source Files\libavfilter</Filter>
    </ClCompile>
    <ClCompile Include="..\libavfilter\vf_showinfo.c">
      <Filter>Source Files\libavfilter</Filter>
    </ClCompile>
    <ClCompile Include="..\libavfilter\vf_showpalette.c">
      <Filter>Source Files\libavfilter</Filter>
    </ClCompile>
    <ClCompile Include="..\libavfilter\vf_shuffleplanes.c">
      <Filter>Source Files\libavfilter</Filter>
    </ClCompile>
    <ClCompile Include="..\libavfilter\vf_signalstats.c">
      <Filter>Source Files\libavfilter</Filter>
    </ClCompile>
    <ClCompile Include="..\libavfilter\vf_smartblur.c">
      <Filter>Source Files\libavfilter</Filter>
    </ClCompile>
    <ClCompile Include="..\libavfilter\vf_spp.c">
      <Filter>Source Files\libavfilter</Filter>
    </ClCompile>
    <ClCompile Include="..\libavfilter\vf_ssim.c">
      <Filter>Source Files\libavfilter</Filter>
    </ClCompile>
    <ClCompile Include="..\libavfilter\vf_stereo3d.c">
      <Filter>Source Files\libavfilter</Filter>
    </ClCompile>
    <ClCompile Include="..\libavfilter\vf_super2xsai.c">
      <Filter>Source Files\libavfilter</Filter>
    </ClCompile>
    <ClCompile Include="..\libavfilter\vf_swapuv.c">
      <Filter>Source Files\libavfilter</Filter>
    </ClCompile>
    <ClCompile Include="..\libavfilter\vf_telecine.c">
      <Filter>Source Files\libavfilter</Filter>
    </ClCompile>
    <ClCompile Include="..\libavfilter\vf_thumbnail.c">
      <Filter>Source Files\libavfilter</Filter>
    </ClCompile>
    <ClCompile Include="..\libavfilter\vf_tile.c">
      <Filter>Source Files\libavfilter</Filter>
    </ClCompile>
    <ClCompile Include="..\libavfilter\vf_tinterlace.c">
      <Filter>Source Files\libavfilter</Filter>
    </ClCompile>
    <ClCompile Include="..\libavfilter\vf_transpose.c">
      <Filter>Source Files\libavfilter</Filter>
    </ClCompile>
    <ClCompile Include="..\libavfilter\vf_unsharp.c">
      <Filter>Source Files\libavfilter</Filter>
    </ClCompile>
    <ClCompile Include="..\libavfilter\vf_uspp.c">
      <Filter>Source Files\libavfilter</Filter>
    </ClCompile>
    <ClCompile Include="..\libavfilter\vf_vectorscope.c">
      <Filter>Source Files\libavfilter</Filter>
    </ClCompile>
    <ClCompile Include="..\libavfilter\vf_vflip.c">
      <Filter>Source Files\libavfilter</Filter>
    </ClCompile>
    <ClCompile Include="..\libavfilter\vf_vignette.c">
      <Filter>Source Files\libavfilter</Filter>
    </ClCompile>
    <ClCompile Include="..\libavfilter\vf_w3fdif.c">
      <Filter>Source Files\libavfilter</Filter>
    </ClCompile>
    <ClCompile Include="..\libavfilter\vf_waveform.c">
      <Filter>Source Files\libavfilter</Filter>
    </ClCompile>
    <ClCompile Include="..\libavfilter\vf_xbr.c">
      <Filter>Source Files\libavfilter</Filter>
    </ClCompile>
    <ClCompile Include="..\libavfilter\vf_yadif.c">
      <Filter>Source Files\libavfilter</Filter>
    </ClCompile>
    <ClCompile Include="..\libavfilter\vf_zoompan.c">
      <Filter>Source Files\libavfilter</Filter>
    </ClCompile>
    <ClCompile Include="..\libavfilter\vsrc_testsrc.c">
      <Filter>Source Files\libavfilter</Filter>
    </ClCompile>
    <ClCompile Include="..\libavfilter\vsrc_cellauto.c">
      <Filter>Source Files\libavfilter</Filter>
    </ClCompile>
    <ClCompile Include="..\libavfilter\vsrc_life.c">
      <Filter>Source Files\libavfilter</Filter>
    </ClCompile>
    <ClCompile Include="..\libavfilter\vsrc_mandelbrot.c">
      <Filter>Source Files\libavfilter</Filter>
    </ClCompile>
    <ClCompile Include="..\libavfilter\vsrc_mptestsrc.c">
      <Filter>Source Files\libavfilter</Filter>
    </ClCompile>
    <ClCompile Include="..\libavfilter\vsink_nullsink.c">
      <Filter>Source Files\libavfilter</Filter>
    </ClCompile>
    <ClCompile Include="..\libavfilter\avf_aphasemeter.c">
      <Filter>Source Files\libavfilter</Filter>
    </ClCompile>
    <ClCompile Include="..\libavfilter\avf_avectorscope.c">
      <Filter>Source Files\libavfilter</Filter>
    </ClCompile>
    <ClCompile Include="..\libavfilter\avf_concat.c">
      <Filter>Source Files\libavfilter</Filter>
    </ClCompile>
    <ClCompile Include="..\libavfilter\avf_showcqt.c">
      <Filter>Source Files\libavfilter</Filter>
    </ClCompile>
    <ClCompile Include="..\libavfilter\avf_showfreqs.c">
      <Filter>Source Files\libavfilter</Filter>
    </ClCompile>
    <ClCompile Include="..\libavfilter\avf_showspectrum.c">
      <Filter>Source Files\libavfilter</Filter>
    </ClCompile>
    <ClCompile Include="..\libavfilter\avf_showvolume.c">
      <Filter>Source Files\libavfilter</Filter>
    </ClCompile>
    <ClCompile Include="..\libavfilter\avf_showwaves.c">
      <Filter>Source Files\libavfilter</Filter>
    </ClCompile>
    <ClCompile Include="..\libavfilter\src_movie.c">
      <Filter>Source Files\libavfilter</Filter>
    </ClCompile>
    <ClCompile Include="..\libavfilter\pthread.c">
      <Filter>Source Files\libavfilter</Filter>
    </ClCompile>
    <ClCompile Include="..\libavfilter\log2_tab.c">
      <Filter>Source Files\libavfilter</Filter>
    </ClCompile>
    <ClCompile Include="..\libavfilter\x86\vf_blend_init.c">
      <Filter>Source Files\libavfilter\x86</Filter>
    </ClCompile>
    <ClCompile Include="..\libavfilter\x86\vf_eq.c">
      <Filter>Source Files\libavfilter\x86</Filter>
    </ClCompile>
    <ClCompile Include="..\libavfilter\x86\vf_fspp_init.c">
      <Filter>Source Files\libavfilter\x86</Filter>
    </ClCompile>
    <ClCompile Include="..\libavfilter\x86\vf_gradfun_init.c">
      <Filter>Source Files\libavfilter\x86</Filter>
    </ClCompile>
    <ClCompile Include="..\libavfilter\x86\vf_hqdn3d_init.c">
      <Filter>Source Files\libavfilter\x86</Filter>
    </ClCompile>
    <ClCompile Include="..\libavfilter\x86\vf_idet_init.c">
      <Filter>Source Files\libavfilter\x86</Filter>
    </ClCompile>
    <ClCompile Include="..\libavfilter\x86\vf_interlace_init.c">
      <Filter>Source Files\libavfilter\x86</Filter>
    </ClCompile>
    <ClCompile Include="..\libavfilter\x86\vf_maskedmerge_init.c">
      <Filter>Source Files\libavfilter\x86</Filter>
    </ClCompile>
    <ClCompile Include="..\libavfilter\x86\vf_noise.c">
      <Filter>Source Files\libavfilter\x86</Filter>
    </ClCompile>
    <ClCompile Include="..\libavfilter\x86\vf_pp7_init.c">
      <Filter>Source Files\libavfilter\x86</Filter>
    </ClCompile>
    <ClCompile Include="..\libavfilter\x86\vf_psnr_init.c">
      <Filter>Source Files\libavfilter\x86</Filter>
    </ClCompile>
    <ClCompile Include="..\libavfilter\x86\vf_pullup_init.c">
      <Filter>Source Files\libavfilter\x86</Filter>
    </ClCompile>
    <ClCompile Include="..\libavfilter\x86\vf_removegrain_init.c">
      <Filter>Source Files\libavfilter\x86</Filter>
    </ClCompile>
    <ClCompile Include="..\libavfilter\x86\vf_spp.c">
      <Filter>Source Files\libavfilter\x86</Filter>
    </ClCompile>
    <ClCompile Include="..\libavfilter\x86\vf_ssim_init.c">
      <Filter>Source Files\libavfilter\x86</Filter>
    </ClCompile>
    <ClCompile Include="..\libavfilter\x86\vf_stereo3d_init.c">
      <Filter>Source Files\libavfilter\x86</Filter>
    </ClCompile>
    <ClCompile Include="..\libavfilter\x86\vf_tinterlace_init.c">
      <Filter>Source Files\libavfilter\x86</Filter>
    </ClCompile>
    <ClCompile Include="..\libavfilter\x86\af_volume_init.c">
      <Filter>Source Files\libavfilter\x86</Filter>
    </ClCompile>
    <ClCompile Include="..\libavfilter\x86\vf_w3fdif_init.c">
      <Filter>Source Files\libavfilter\x86</Filter>
    </ClCompile>
    <ClCompile Include="..\libavfilter\x86\vf_yadif_init.c">
      <Filter>Source Files\libavfilter\x86</Filter>
    </ClCompile>
  </ItemGroup>
  <ItemGroup>
    <ClInclude Include="..\libavfilter\avfilter.h">
      <Filter>Header Files\libavfilter</Filter>
    </ClInclude>
    <ClInclude Include="..\libavfilter\avfiltergraph.h">
      <Filter>Header Files\libavfilter</Filter>
    </ClInclude>
    <ClInclude Include="..\libavfilter\buffersink.h">
      <Filter>Header Files\libavfilter</Filter>
    </ClInclude>
    <ClInclude Include="..\libavfilter\buffersrc.h">
      <Filter>Header Files\libavfilter</Filter>
    </ClInclude>
    <ClInclude Include="..\libavfilter\version.h">
      <Filter>Header Files\libavfilter</Filter>
    </ClInclude>
  </ItemGroup>
  <ItemGroup>
    <None Include=".\libavfilter.def">
      <Filter>Resource Files</Filter>
    </None>
  </ItemGroup>
  <ItemGroup>
    <ResourceCompile Include="..\libavfilter\avfilterres.rc">
      <Filter>Resource Files</Filter>
    </ResourceCompile>
  </ItemGroup>
</Project>