<?xml version="1.0" encoding="utf-8"?>
<Project ToolsVersion="4.0" xmlns="http://schemas.microsoft.com/developer/msbuild/2003">
  <ItemGroup>
    <Filter Include="Header Files">
      <UniqueIdentifier>{2f2c4a75-f563-4eda-81a8-99f05e978394}</UniqueIdentifier>
    </Filter>
    <Filter Include="Source Files">
      <UniqueIdentifier>{9dcb9da6-1c85-40b9-b875-9bdf9575be2d}</UniqueIdentifier>
    </Filter>
    <Filter Include="Resource Files">
      <UniqueIdentifier>{e05e69ea-955c-4c2c-83f8-ff30c0007387}</UniqueIdentifier>
    </Filter>
    <Filter Include="Header Files\libswresample">
      <UniqueIdentifier>{cac6df1e-4a60-495c-8daa-5707dc1216ff}</UniqueIdentifier>
    </Filter>
    <Filter Include="Resource Files\libswresample">
      <UniqueIdentifier>{9fee14b2-1b77-463a-bd6b-60efdcf8850f}</UniqueIdentifier>
    </Filter>
    <Filter Include="Source Files\libswresample">
      <UniqueIdentifier>{bf017c32-250d-47da-b7e6-d5a5091cb1e6}</UniqueIdentifier>
    </Filter>
    <Filter Include="Source Files\libswresample\x86">
      <UniqueIdentifier>{fd9e10e9-18f6-437d-b5d7-17290540c8b8}</UniqueIdentifier>
    </Filter>
  </ItemGroup>
  <ItemGroup>
    <None Include=".\libswresample.def">
      <Filter>Resource Files</Filter>
    </None>
  </ItemGroup>
  <ItemGroup>
    <ResourceCompile Include="..\libswresample\swresampleres.rc">
      <Filter>Resource Files\libswresample</Filter>
    </ResourceCompile>
  </ItemGroup>
  <ItemGroup>
    <NASM Include="..\libswresample\x86\audio_convert.asm">
      <Filter>Source Files\libswresample\x86</Filter>
    </NASM>
    <NASM Include="..\libswresample\x86\rematrix.asm">
      <Filter>Source Files\libswresample\x86</Filter>
    </NASM>
    <NASM Include="..\libswresample\x86\resample.asm">
      <Filter>Source Files\libswresample\x86</Filter>
    </NASM>
  </ItemGroup>
  <ItemGroup>
    <ClCompile Include="..\libswresample\audioconvert.c">
      <Filter>Source Files\libswresample</Filter>
    </ClCompile>
    <ClCompile Include="..\libswresample\dither.c">
      <Filter>Source Files\libswresample</Filter>
    </ClCompile>
    <ClCompile Include="..\libswresample\options.c">
      <Filter>Source Files\libswresample</Filter>
    </ClCompile>
    <ClCompile Include="..\libswresample\resample_dsp.c">
      <Filter>Source Files\libswresample</Filter>
    </ClCompile>
    <ClCompile Include="..\libswresample\swresample.c">
      <Filter>Source Files\libswresample</Filter>
    </ClCompile>
    <ClCompile Include="..\libswresample\swresample_frame.c">
      <Filter>Source Files\libswresample</Filter>
    </ClCompile>
    <ClCompile Include="..\libswresample\soxr_resample.c">
      <Filter>Source Files\libswresample</Filter>
    </ClCompile>
    <ClCompile Include="..\libswresample\x86\audio_convert_init.c">
      <Filter>Source Files\libswresample\x86</Filter>
    </ClCompile>
    <ClCompile Include="..\libswresample\x86\rematrix_init.c">
      <Filter>Source Files\libswresample\x86</Filter>
    </ClCompile>
    <ClCompile Include="..\libswresample\x86\resample_init.c">
      <Filter>Source Files\libswresample\x86</Filter>
    </ClCompile>
    <ClCompile Include="libswresample\log2_tab_wrap.c">
      <Filter>Source Files\libswresample</Filter>
    </ClCompile>
    <ClCompile Include="libswresample\dce_defs.c">
      <Filter>Source Files\libswresample</Filter>
    </ClCompile>
    <ClCompile Include="..\libswresample\rematrix.c">
      <Filter>Source Files\libswresample</Filter>
    </ClCompile>
    <ClCompile Include="..\libswresample\resample.c">
      <Filter>Source Files\libswresample</Filter>
    </ClCompile>
  </ItemGroup>
  <ItemGroup>
    <ClInclude Include="..\libswresample\swresample.h">
      <Filter>Header Files\libswresample</Filter>
    </ClInclude>
    <ClInclude Include="..\libswresample\version.h">
      <Filter>Header Files\libswresample</Filter>
    </ClInclude>
  </ItemGroup>
</Project>